{
  "version": 4,
  "terraform_version": "1.4.6",
  "serial": 434,
  "lineage": "10401950-59e3-0b00-33f2-91b3c8ec77c5",
  "outputs": {
    "secret_manager_name": {
      "value": "CustomerManagementDatabaseCredential",
      "type": "string"
    }
  },
  "resources": [
    {
      "mode": "data",
      "type": "aws_db_instance",
      "name": "customer-management-db-1",
      "provider": "provider[\"registry.terraform.io/hashicorp/aws\"]",
      "instances": [
        {
          "schema_version": 0,
          "attributes": {
            "address": "customer-management-db.cfj1bf2shmj8.us-east-1.rds.amazonaws.com",
            "allocated_storage": 20,
            "auto_minor_version_upgrade": true,
            "availability_zone": "us-east-1a",
            "backup_retention_period": 0,
            "ca_cert_identifier": "rds-ca-2019",
            "db_cluster_identifier": "",
            "db_instance_arn": "arn:aws:rds:us-east-1:218459525783:db:customer-management-db",
            "db_instance_class": "db.t2.micro",
            "db_instance_identifier": "customer-management-db",
            "db_instance_port": 0,
            "db_name": "myapp",
            "db_parameter_groups": [
              "default.mysql8.0"
            ],
            "db_subnet_group": "customer-management-db-subnet-group",
            "enabled_cloudwatch_logs_exports": [],
            "endpoint": "customer-management-db.cfj1bf2shmj8.us-east-1.rds.amazonaws.com:3306",
            "engine": "mysql",
            "engine_version": "8.0.33",
            "hosted_zone_id": "Z2R2ITUGPM61AM",
            "id": "customer-management-db",
            "iops": 0,
            "kms_key_id": "",
            "license_model": "general-public-license",
            "master_user_secret": null,
            "master_username": "kavya",
            "monitoring_interval": 0,
            "monitoring_role_arn": "",
            "multi_az": false,
            "network_type": "IPV4",
            "option_group_memberships": [
              "default:mysql-8-0"
            ],
            "port": 3306,
            "preferred_backup_window": "08:02-08:32",
            "preferred_maintenance_window": "mon:04:41-mon:05:11",
            "publicly_accessible": false,
            "replicate_source_db": "",
            "resource_id": "db-GZYFIXED6O43MBYKDYMYEGSVYM",
            "storage_encrypted": false,
            "storage_throughput": 0,
            "storage_type": "gp2",
            "tags": {
              "Name": "customer-management-db"
            },
            "timezone": "",
            "vpc_security_groups": [
              "sg-09f0aab9b64feed78"
            ]
          },
          "sensitive_attributes": []
        }
      ]
    },
    {
      "mode": "data",
      "type": "aws_db_instance",
      "name": "customer-management-db-endpoint",
      "provider": "provider[\"registry.terraform.io/hashicorp/aws\"]",
      "instances": [
        {
          "schema_version": 0,
          "attributes": {
            "address": "customer-management-db.cfj1bf2shmj8.us-east-1.rds.amazonaws.com",
            "allocated_storage": 20,
            "auto_minor_version_upgrade": true,
            "availability_zone": "us-east-1a",
            "backup_retention_period": 0,
            "ca_cert_identifier": "rds-ca-2019",
            "db_cluster_identifier": "",
            "db_instance_arn": "arn:aws:rds:us-east-1:218459525783:db:customer-management-db",
            "db_instance_class": "db.t2.micro",
            "db_instance_identifier": "customer-management-db",
            "db_instance_port": 0,
            "db_name": "myapp",
            "db_parameter_groups": [
              "default.mysql8.0"
            ],
            "db_subnet_group": "customer-management-db-subnet-group",
            "enabled_cloudwatch_logs_exports": [],
            "endpoint": "customer-management-db.cfj1bf2shmj8.us-east-1.rds.amazonaws.com:3306",
            "engine": "mysql",
            "engine_version": "8.0.33",
            "hosted_zone_id": "Z2R2ITUGPM61AM",
            "id": "customer-management-db",
            "iops": 0,
            "kms_key_id": "",
            "license_model": "general-public-license",
            "master_user_secret": null,
            "master_username": "kavya",
            "monitoring_interval": 0,
            "monitoring_role_arn": "",
            "multi_az": false,
            "network_type": "IPV4",
            "option_group_memberships": [
              "default:mysql-8-0"
            ],
            "port": 3306,
            "preferred_backup_window": "08:02-08:32",
            "preferred_maintenance_window": "mon:04:41-mon:05:11",
            "publicly_accessible": false,
            "replicate_source_db": "",
            "resource_id": "db-GZYFIXED6O43MBYKDYMYEGSVYM",
            "storage_encrypted": false,
            "storage_throughput": 0,
            "storage_type": "gp2",
            "tags": {
              "Name": "customer-management-db"
            },
            "timezone": "",
            "vpc_security_groups": [
              "sg-09f0aab9b64feed78"
            ]
          },
          "sensitive_attributes": []
        }
      ]
    },
    {
      "mode": "data",
      "type": "aws_ecr_repository",
      "name": "customer-management-backend-repo",
      "provider": "provider[\"registry.terraform.io/hashicorp/aws\"]",
      "instances": [
        {
          "schema_version": 0,
          "attributes": {
            "arn": "arn:aws:ecr:us-east-1:218459525783:repository/customer-management-backend-repo",
            "encryption_configuration": [
              {
                "encryption_type": "AES256",
                "kms_key": ""
              }
            ],
            "id": "customer-management-backend-repo",
            "image_scanning_configuration": [
              {
                "scan_on_push": false
              }
            ],
            "image_tag_mutability": "MUTABLE",
            "most_recent_image_tags": [],
            "name": "customer-management-backend-repo",
            "registry_id": "218459525783",
            "repository_url": "218459525783.dkr.ecr.us-east-1.amazonaws.com/customer-management-backend-repo",
            "tags": {}
          },
          "sensitive_attributes": []
        }
      ]
    },
    {
      "mode": "managed",
      "type": "aws_autoscaling_group",
      "name": "asg",
      "provider": "provider[\"registry.terraform.io/hashicorp/aws\"]",
      "instances": [
        {
          "schema_version": 0,
          "attributes": {
            "arn": "arn:aws:autoscaling:us-east-1:218459525783:autoScalingGroup:ec3c5950-05a1-47b3-8f3e-9bb0c88fad95:autoScalingGroupName/customer-management-asg",
            "availability_zones": [
              "us-east-1a"
            ],
            "capacity_rebalance": false,
            "context": "",
            "default_cooldown": 300,
            "default_instance_warmup": 0,
            "desired_capacity": 1,
            "desired_capacity_type": "",
            "enabled_metrics": [],
            "force_delete": false,
            "force_delete_warm_pool": false,
            "health_check_grace_period": 300,
            "health_check_type": "EC2",
            "id": "customer-management-asg",
            "initial_lifecycle_hook": [],
            "instance_refresh": [],
            "launch_configuration": "customer-management-launch-config20230804051733404500000008",
            "launch_template": [],
            "load_balancers": [],
            "max_instance_lifetime": 0,
            "max_size": 5,
            "metrics_granularity": "1Minute",
            "min_elb_capacity": null,
            "min_size": 1,
            "mixed_instances_policy": [],
            "name": "customer-management-asg",
            "name_prefix": "",
            "placement_group": "",
            "predicted_capacity": 0,
            "protect_from_scale_in": false,
            "service_linked_role_arn": "arn:aws:iam::218459525783:role/aws-service-role/autoscaling.amazonaws.com/AWSServiceRoleForAutoScaling",
            "suspended_processes": [],
            "tag": [],
            "target_group_arns": [],
            "termination_policies": [],
            "timeouts": null,
            "traffic_source": [],
            "vpc_zone_identifier": [
              "subnet-020e75e062e45500a"
            ],
            "wait_for_capacity_timeout": "10m",
            "wait_for_elb_capacity": null,
            "warm_pool": [],
            "warm_pool_size": 0
          },
          "sensitive_attributes": [],
          "private": "eyJlMmJmYjczMC1lY2FhLTExZTYtOGY4OC0zNDM2M2JjN2M0YzAiOnsiZGVsZXRlIjo2MDAwMDAwMDAwMDAsInVwZGF0ZSI6NjAwMDAwMDAwMDAwfX0=",
          "dependencies": [
            "aws_ecs_cluster.customer_management_cluster",
            "aws_launch_configuration.launch_configuration",
            "aws_security_group.customer-management-alb-sg",
            "aws_security_group.customer-management-ecs-sg",
            "aws_subnet.customer-management-private-rs",
            "aws_vpc.customer_management_vpc"
          ]
        }
      ]
    },
    {
      "mode": "managed",
      "type": "aws_cloudwatch_log_group",
      "name": "customer-management-logs",
      "provider": "provider[\"registry.terraform.io/hashicorp/aws\"]",
      "instances": [
        {
          "schema_version": 0,
          "attributes": {
            "arn": "arn:aws:logs:us-east-1:218459525783:log-group:customer-management-logs",
            "id": "customer-management-logs",
            "kms_key_id": "",
            "name": "customer-management-logs",
            "name_prefix": "",
            "retention_in_days": 0,
            "skip_destroy": false,
            "tags": {},
            "tags_all": {}
          },
          "sensitive_attributes": [],
          "private": "bnVsbA=="
        }
      ]
    },
    {
      "mode": "managed",
      "type": "aws_db_instance",
      "name": "customer-management-db",
      "provider": "provider[\"registry.terraform.io/hashicorp/aws\"]",
      "instances": [
        {
          "schema_version": 2,
          "attributes": {
            "address": "customer-management-db.cfj1bf2shmj8.us-east-1.rds.amazonaws.com",
            "allocated_storage": 20,
            "allow_major_version_upgrade": null,
            "apply_immediately": false,
            "arn": "arn:aws:rds:us-east-1:218459525783:db:customer-management-db",
            "auto_minor_version_upgrade": true,
            "availability_zone": "us-east-1a",
            "backup_retention_period": 0,
            "backup_window": "08:02-08:32",
            "blue_green_update": [],
            "ca_cert_identifier": "rds-ca-2019",
            "character_set_name": "",
            "copy_tags_to_snapshot": false,
            "custom_iam_instance_profile": "",
            "customer_owned_ip_enabled": false,
            "db_name": "myapp",
            "db_subnet_group_name": "customer-management-db-subnet-group",
            "delete_automated_backups": true,
            "deletion_protection": false,
            "domain": "",
            "domain_iam_role_name": "",
            "enabled_cloudwatch_logs_exports": [],
            "endpoint": "customer-management-db.cfj1bf2shmj8.us-east-1.rds.amazonaws.com:3306",
            "engine": "mysql",
            "engine_version": "8.0.33",
            "engine_version_actual": "8.0.33",
            "final_snapshot_identifier": null,
            "hosted_zone_id": "Z2R2ITUGPM61AM",
            "iam_database_authentication_enabled": false,
            "id": "db-GZYFIXED6O43MBYKDYMYEGSVYM",
            "identifier": "customer-management-db",
            "identifier_prefix": "",
            "instance_class": "db.t2.micro",
            "iops": 0,
            "kms_key_id": "",
            "latest_restorable_time": "",
            "license_model": "general-public-license",
            "listener_endpoint": [],
            "maintenance_window": "mon:04:41-mon:05:11",
            "manage_master_user_password": null,
            "master_user_secret": [],
            "master_user_secret_kms_key_id": null,
            "max_allocated_storage": 0,
            "monitoring_interval": 0,
            "monitoring_role_arn": "",
            "multi_az": false,
            "nchar_character_set_name": "",
            "network_type": "IPV4",
            "option_group_name": "default:mysql-8-0",
            "parameter_group_name": "default.mysql8.0",
            "password": "UKUcF8RpE9Xp4dD7",
            "performance_insights_enabled": false,
            "performance_insights_kms_key_id": "",
            "performance_insights_retention_period": 0,
            "port": 3306,
            "publicly_accessible": false,
            "replica_mode": "",
            "replicas": [],
            "replicate_source_db": "",
            "resource_id": "db-GZYFIXED6O43MBYKDYMYEGSVYM",
            "restore_to_point_in_time": [],
            "s3_import": [],
            "skip_final_snapshot": false,
            "snapshot_identifier": null,
            "status": "available",
            "storage_encrypted": false,
            "storage_throughput": 0,
            "storage_type": "gp2",
            "tags": {
              "Name": "customer-management-db"
            },
            "tags_all": {
              "Name": "customer-management-db"
            },
            "timeouts": null,
            "timezone": "",
            "username": "kavya",
            "vpc_security_group_ids": [
              "sg-09f0aab9b64feed78"
            ]
          },
          "sensitive_attributes": [
            [
              {
                "type": "get_attr",
                "value": "password"
              }
            ]
          ],
          "private": "eyJlMmJmYjczMC1lY2FhLTExZTYtOGY4OC0zNDM2M2JjN2M0YzAiOnsiY3JlYXRlIjoyNDAwMDAwMDAwMDAwLCJkZWxldGUiOjM2MDAwMDAwMDAwMDAsInVwZGF0ZSI6NDgwMDAwMDAwMDAwMH0sInNjaGVtYV92ZXJzaW9uIjoiMiJ9",
          "dependencies": [
            "aws_db_subnet_group.db_subnet_group",
            "aws_eip.customer-management-nat-gateway-eip",
            "aws_nat_gateway.customer-management-nat-gateway",
            "aws_route_table.customer-management-private-db-rt",
            "aws_security_group.customer-management-alb-sg",
            "aws_security_group.customer-management-ecs-sg",
            "aws_security_group.customer-management-rds-sg",
            "aws_subnet.customer-management-private-db",
            "aws_subnet.customer-management-public",
            "aws_vpc.customer_management_vpc",
            "random_password.example"
          ]
        }
      ]
    },
    {
      "mode": "managed",
      "type": "aws_db_subnet_group",
      "name": "db_subnet_group",
      "provider": "provider[\"registry.terraform.io/hashicorp/aws\"]",
      "instances": [
        {
          "schema_version": 0,
          "attributes": {
            "arn": "arn:aws:rds:us-east-1:218459525783:subgrp:customer-management-db-subnet-group",
            "description": "My db subnet group",
            "id": "customer-management-db-subnet-group",
            "name": "customer-management-db-subnet-group",
            "name_prefix": "",
            "subnet_ids": [
              "subnet-07c28b63f5c4dc344",
              "subnet-0b541aeb878584a62",
              "subnet-0dea5c6fedb3b5e2f"
            ],
            "supported_network_types": [
              "IPV4"
            ],
            "tags": {},
            "tags_all": {},
            "vpc_id": "vpc-0c16e12295e438ba8"
          },
          "sensitive_attributes": [],
          "private": "bnVsbA==",
          "dependencies": [
            "aws_eip.customer-management-nat-gateway-eip",
            "aws_nat_gateway.customer-management-nat-gateway",
            "aws_route_table.customer-management-private-db-rt",
            "aws_subnet.customer-management-private-db",
            "aws_subnet.customer-management-public",
            "aws_vpc.customer_management_vpc"
          ]
        }
      ]
    },
    {
      "mode": "managed",
      "type": "aws_ecr_repository",
      "name": "customer-management-backend-repo",
      "provider": "provider[\"registry.terraform.io/hashicorp/aws\"]",
      "instances": [
        {
          "schema_version": 0,
          "attributes": {
            "arn": "arn:aws:ecr:us-east-1:218459525783:repository/customer-management-backend-repo",
            "encryption_configuration": [
              {
                "encryption_type": "AES256",
                "kms_key": ""
              }
            ],
            "force_delete": null,
            "id": "customer-management-backend-repo",
            "image_scanning_configuration": [
              {
                "scan_on_push": false
              }
            ],
            "image_tag_mutability": "MUTABLE",
            "name": "customer-management-backend-repo",
            "registry_id": "218459525783",
            "repository_url": "218459525783.dkr.ecr.us-east-1.amazonaws.com/customer-management-backend-repo",
            "tags": {},
            "tags_all": {},
            "timeouts": null
          },
          "sensitive_attributes": [],
          "private": "eyJlMmJmYjczMC1lY2FhLTExZTYtOGY4OC0zNDM2M2JjN2M0YzAiOnsiZGVsZXRlIjoxMjAwMDAwMDAwMDAwfX0="
        }
      ]
    },
    {
      "mode": "managed",
      "type": "aws_ecs_capacity_provider",
      "name": "ec2",
      "provider": "provider[\"registry.terraform.io/hashicorp/aws\"]",
      "instances": [
        {
          "schema_version": 0,
          "attributes": {
            "arn": "arn:aws:ecs:us-east-1:218459525783:capacity-provider/capacity-provider-ec2-type",
            "auto_scaling_group_provider": [
              {
                "auto_scaling_group_arn": "arn:aws:autoscaling:us-east-1:218459525783:autoScalingGroup:ec3c5950-05a1-47b3-8f3e-9bb0c88fad95:autoScalingGroupName/customer-management-asg",
                "managed_scaling": [
                  {
                    "instance_warmup_period": 0,
                    "maximum_scaling_step_size": 100,
                    "minimum_scaling_step_size": 1,
                    "status": "ENABLED",
                    "target_capacity": 100
                  }
                ],
                "managed_termination_protection": "DISABLED"
              }
            ],
            "id": "arn:aws:ecs:us-east-1:218459525783:capacity-provider/capacity-provider-ec2-type",
            "name": "capacity-provider-ec2-type",
            "tags": {},
            "tags_all": {}
          },
          "sensitive_attributes": [],
          "private": "bnVsbA==",
          "dependencies": [
            "aws_autoscaling_group.asg",
            "aws_ecs_cluster.customer_management_cluster",
            "aws_launch_configuration.launch_configuration",
            "aws_security_group.customer-management-alb-sg",
            "aws_security_group.customer-management-ecs-sg",
            "aws_subnet.customer-management-private-rs",
            "aws_vpc.customer_management_vpc"
          ]
        }
      ]
    },
    {
      "mode": "managed",
      "type": "aws_ecs_cluster",
      "name": "customer_management_cluster",
      "provider": "provider[\"registry.terraform.io/hashicorp/aws\"]",
      "instances": [
        {
          "schema_version": 0,
          "attributes": {
            "arn": "arn:aws:ecs:us-east-1:218459525783:cluster/CustomerManagementCluster",
            "configuration": [],
            "id": "arn:aws:ecs:us-east-1:218459525783:cluster/CustomerManagementCluster",
            "name": "CustomerManagementCluster",
            "service_connect_defaults": [],
            "setting": [
              {
                "name": "containerInsights",
                "value": "disabled"
              }
            ],
            "tags": {},
            "tags_all": {}
          },
          "sensitive_attributes": [],
          "private": "bnVsbA=="
        }
      ]
    },
    {
      "mode": "managed",
      "type": "aws_ecs_cluster_capacity_providers",
      "name": "capacity_providers",
      "provider": "provider[\"registry.terraform.io/hashicorp/aws\"]",
      "instances": [
        {
          "schema_version": 0,
          "attributes": {
            "capacity_providers": [
              "FARGATE",
              "capacity-provider-ec2-type"
            ],
            "cluster_name": "CustomerManagementCluster",
            "default_capacity_provider_strategy": [],
            "id": "CustomerManagementCluster"
          },
          "sensitive_attributes": [],
          "private": "bnVsbA==",
          "dependencies": [
            "aws_autoscaling_group.asg",
            "aws_ecs_capacity_provider.ec2",
            "aws_ecs_cluster.customer_management_cluster",
            "aws_launch_configuration.launch_configuration",
            "aws_security_group.customer-management-alb-sg",
            "aws_security_group.customer-management-ecs-sg",
            "aws_subnet.customer-management-private-rs",
            "aws_vpc.customer_management_vpc"
          ]
        }
      ]
    },
    {
      "mode": "managed",
      "type": "aws_ecs_service",
      "name": "customer-management-service",
      "provider": "provider[\"registry.terraform.io/hashicorp/aws\"]",
      "instances": [
        {
          "schema_version": 0,
          "attributes": {
            "alarms": [],
            "capacity_provider_strategy": [],
            "cluster": "arn:aws:ecs:us-east-1:218459525783:cluster/CustomerManagementCluster",
            "deployment_circuit_breaker": [
              {
                "enable": false,
                "rollback": false
              }
            ],
            "deployment_controller": [
              {
                "type": "ECS"
              }
            ],
            "deployment_maximum_percent": 200,
            "deployment_minimum_healthy_percent": 100,
            "desired_count": 1,
            "enable_ecs_managed_tags": false,
            "enable_execute_command": false,
            "force_new_deployment": null,
            "health_check_grace_period_seconds": 0,
            "iam_role": "/aws-service-role/ecs.amazonaws.com/AWSServiceRoleForECS",
            "id": "arn:aws:ecs:us-east-1:218459525783:service/CustomerManagementCluster/customer-management-service",
            "launch_type": "FARGATE",
            "load_balancer": [
              {
                "container_name": "backend",
                "container_port": 5000,
                "elb_name": "",
                "target_group_arn": "arn:aws:elasticloadbalancing:us-east-1:218459525783:targetgroup/customer-management-target-group/20a425f136a2014f"
              }
            ],
            "name": "customer-management-service",
            "network_configuration": [
              {
                "assign_public_ip": false,
                "security_groups": [
                  "sg-0f571d9e96914e766"
                ],
                "subnets": [
                  "subnet-010beb12829fc2b74",
                  "subnet-020e75e062e45500a",
                  "subnet-0dbf857d5bcea8720"
                ]
              }
            ],
            "ordered_placement_strategy": [],
            "placement_constraints": [],
            "platform_version": "LATEST",
            "propagate_tags": "NONE",
            "scheduling_strategy": "REPLICA",
            "service_connect_configuration": [],
            "service_registries": [],
            "tags": {},
            "tags_all": {},
            "task_definition": "arn:aws:ecs:us-east-1:218459525783:task-definition/cm-test-td:2",
            "timeouts": null,
            "triggers": {},
            "wait_for_steady_state": false
          },
          "sensitive_attributes": [],
          "private": "eyJlMmJmYjczMC1lY2FhLTExZTYtOGY4OC0zNDM2M2JjN2M0YzAiOnsiY3JlYXRlIjoxMjAwMDAwMDAwMDAwLCJkZWxldGUiOjEyMDAwMDAwMDAwMDAsInVwZGF0ZSI6MTIwMDAwMDAwMDAwMH19",
          "dependencies": [
            "aws_cloudwatch_log_group.customer-management-logs",
            "aws_db_instance.customer-management-db",
            "aws_db_subnet_group.db_subnet_group",
            "aws_ecr_repository.customer-management-backend-repo",
            "aws_ecs_cluster.customer_management_cluster",
            "aws_ecs_task_definition.customer-management-task-def",
            "aws_eip.customer-management-nat-gateway-eip",
            "aws_iam_role.customer-management-ecs-task-execution-role",
            "aws_iam_role.customer-management-task-role",
            "aws_iam_role_policy_attachment.customer-management-task-role-policy",
            "aws_iam_role_policy_attachment.customer-management-task-role-policy2",
            "aws_iam_role_policy_attachment.customer-management-task-role-policy3",
            "aws_iam_role_policy_attachment.customer-management-task-role-policy5",
            "aws_lb.customer-management-alb",
            "aws_lb_listener.customer-management-alb-listener",
            "aws_lb_target_group.customer-management-target-group",
            "aws_nat_gateway.customer-management-nat-gateway",
            "aws_route_table.customer-management-private-db-rt",
            "aws_secretsmanager_secret.customer-management-secret",
            "aws_secretsmanager_secret_version.customer_management_db",
            "aws_security_group.customer-management-alb-sg",
            "aws_security_group.customer-management-ecs-sg",
            "aws_security_group.customer-management-rds-sg",
            "aws_subnet.customer-management-private-db",
            "aws_subnet.customer-management-private-rs",
            "aws_subnet.customer-management-public",
            "aws_vpc.customer_management_vpc",
            "data.aws_db_instance.customer-management-db-endpoint",
            "data.aws_ecr_repository.customer-management-backend-repo",
            "random_password.example"
          ]
        }
      ]
    },
    {
      "mode": "managed",
      "type": "aws_ecs_service",
      "name": "customer-management-service-ec2",
      "provider": "provider[\"registry.terraform.io/hashicorp/aws\"]",
      "instances": [
        {
          "schema_version": 0,
          "attributes": {
            "alarms": [],
            "capacity_provider_strategy": [
              {
                "base": 0,
                "capacity_provider": "capacity-provider-ec2-type",
                "weight": 1
              }
            ],
            "cluster": "arn:aws:ecs:us-east-1:218459525783:cluster/CustomerManagementCluster",
            "deployment_circuit_breaker": [
              {
                "enable": false,
                "rollback": false
              }
            ],
            "deployment_controller": [
              {
                "type": "ECS"
              }
            ],
            "deployment_maximum_percent": 200,
            "deployment_minimum_healthy_percent": 100,
            "desired_count": 1,
            "enable_ecs_managed_tags": false,
            "enable_execute_command": false,
            "force_new_deployment": null,
            "health_check_grace_period_seconds": 0,
            "iam_role": "/aws-service-role/ecs.amazonaws.com/AWSServiceRoleForECS",
            "id": "arn:aws:ecs:us-east-1:218459525783:service/CustomerManagementCluster/customer-management-service-ec2",
            "launch_type": "",
            "load_balancer": [
              {
                "container_name": "backend",
                "container_port": 5000,
                "elb_name": "",
                "target_group_arn": "arn:aws:elasticloadbalancing:us-east-1:218459525783:targetgroup/cm-target-group-ec2/28f7eb01b1a653b2"
              }
            ],
            "name": "customer-management-service-ec2",
            "network_configuration": [
              {
                "assign_public_ip": false,
                "security_groups": [
                  "sg-0f571d9e96914e766"
                ],
                "subnets": [
                  "subnet-010beb12829fc2b74",
                  "subnet-020e75e062e45500a",
                  "subnet-0dbf857d5bcea8720"
                ]
              }
            ],
            "ordered_placement_strategy": [],
            "placement_constraints": [],
            "platform_version": "",
            "propagate_tags": "NONE",
            "scheduling_strategy": "REPLICA",
            "service_connect_configuration": [],
            "service_registries": [],
            "tags": {},
            "tags_all": {},
            "task_definition": "arn:aws:ecs:us-east-1:218459525783:task-definition/cm-test-td-ec2:11",
            "timeouts": null,
            "triggers": {},
            "wait_for_steady_state": false
          },
          "sensitive_attributes": [],
          "private": "eyJlMmJmYjczMC1lY2FhLTExZTYtOGY4OC0zNDM2M2JjN2M0YzAiOnsiY3JlYXRlIjoxMjAwMDAwMDAwMDAwLCJkZWxldGUiOjEyMDAwMDAwMDAwMDAsInVwZGF0ZSI6MTIwMDAwMDAwMDAwMH19",
          "dependencies": [
            "aws_autoscaling_group.asg",
            "aws_cloudwatch_log_group.customer-management-logs",
            "aws_db_instance.customer-management-db",
            "aws_db_subnet_group.db_subnet_group",
            "aws_ecr_repository.customer-management-backend-repo",
            "aws_ecs_capacity_provider.ec2",
            "aws_ecs_cluster.customer_management_cluster",
            "aws_ecs_task_definition.customer-management-task-def-ec2",
            "aws_eip.customer-management-nat-gateway-eip",
            "aws_iam_role.customer-management-ecs-task-execution-role",
            "aws_iam_role.customer-management-task-role",
            "aws_iam_role_policy_attachment.customer-management-task-role-policy",
            "aws_iam_role_policy_attachment.customer-management-task-role-policy2",
            "aws_iam_role_policy_attachment.customer-management-task-role-policy3",
            "aws_iam_role_policy_attachment.customer-management-task-role-policy5",
            "aws_launch_configuration.launch_configuration",
            "aws_lb_target_group.customer-management-target-group-ec2",
            "aws_nat_gateway.customer-management-nat-gateway",
            "aws_route_table.customer-management-private-db-rt",
            "aws_secretsmanager_secret.customer-management-secret",
            "aws_secretsmanager_secret_version.customer_management_db",
            "aws_security_group.customer-management-alb-sg",
            "aws_security_group.customer-management-ecs-sg",
            "aws_security_group.customer-management-rds-sg",
            "aws_subnet.customer-management-private-db",
            "aws_subnet.customer-management-private-rs",
            "aws_subnet.customer-management-public",
            "aws_vpc.customer_management_vpc",
            "data.aws_db_instance.customer-management-db-endpoint",
            "data.aws_ecr_repository.customer-management-backend-repo",
            "random_password.example"
          ]
        }
      ]
    },
    {
      "mode": "managed",
      "type": "aws_ecs_task_definition",
      "name": "customer-management-task-def",
      "provider": "provider[\"registry.terraform.io/hashicorp/aws\"]",
      "instances": [
        {
          "schema_version": 1,
          "attributes": {
            "arn": "arn:aws:ecs:us-east-1:218459525783:task-definition/cm-test-td:2",
            "arn_without_revision": "arn:aws:ecs:us-east-1:218459525783:task-definition/cm-test-td",
            "container_definitions": "[{\"cpu\":0,\"environment\":[{\"name\":\"DATABASE\",\"value\":\"myapp\"},{\"name\":\"MYHOST\",\"value\":\"customer-management-db.cfj1bf2shmj8.us-east-1.rds.amazonaws.com\"},{\"name\":\"PORTBACKEND\",\"value\":\"5000\"},{\"name\":\"PORTFRONTEND\",\"value\":\"3000\"}],\"essential\":true,\"image\":\"218459525783.dkr.ecr.us-east-1.amazonaws.com/customer-management-backend-repo\",\"logConfiguration\":{\"logDriver\":\"awslogs\",\"options\":{\"awslogs-create-group\":\"true\",\"awslogs-group\":\"/ecs/cm-test-td\",\"awslogs-region\":\"us-east-1\",\"awslogs-stream-prefix\":\"ecs\"}},\"mountPoints\":[],\"name\":\"backend\",\"portMappings\":[{\"appProtocol\":\"http\",\"containerPort\":5000,\"hostPort\":5000,\"name\":\"backend-5000-tcp\",\"protocol\":\"tcp\"}],\"secrets\":[{\"name\":\"MYUSERNAME\",\"valueFrom\":\"arn:aws:secretsmanager:us-east-1:218459525783:secret:CustomerManagementDatabaseCredential-gLPoLz:username::\"},{\"name\":\"PASSWORD\",\"valueFrom\":\"arn:aws:secretsmanager:us-east-1:218459525783:secret:CustomerManagementDatabaseCredential-gLPoLz:password::\"}],\"volumesFrom\":[]}]",
            "cpu": "2048",
            "ephemeral_storage": [],
            "execution_role_arn": "arn:aws:iam::218459525783:role/customer-management-ecs-task-execution-role",
            "family": "cm-test-td",
            "id": "cm-test-td",
            "inference_accelerator": [],
            "ipc_mode": "",
            "memory": "4096",
            "network_mode": "awsvpc",
            "pid_mode": "",
            "placement_constraints": [],
            "proxy_configuration": [],
            "requires_compatibilities": [
              "FARGATE"
            ],
            "revision": 2,
            "runtime_platform": [],
            "skip_destroy": false,
            "tags": {},
            "tags_all": {},
            "task_role_arn": "arn:aws:iam::218459525783:role/customer-management-task-role",
            "volume": []
          },
          "sensitive_attributes": [],
          "private": "eyJzY2hlbWFfdmVyc2lvbiI6IjEifQ==",
          "dependencies": [
            "aws_cloudwatch_log_group.customer-management-logs",
            "aws_db_instance.customer-management-db",
            "aws_db_subnet_group.db_subnet_group",
            "aws_ecr_repository.customer-management-backend-repo",
            "aws_eip.customer-management-nat-gateway-eip",
            "aws_iam_role.customer-management-ecs-task-execution-role",
            "aws_iam_role.customer-management-task-role",
            "aws_iam_role_policy_attachment.customer-management-task-role-policy",
            "aws_iam_role_policy_attachment.customer-management-task-role-policy2",
            "aws_iam_role_policy_attachment.customer-management-task-role-policy3",
            "aws_iam_role_policy_attachment.customer-management-task-role-policy5",
            "aws_nat_gateway.customer-management-nat-gateway",
            "aws_route_table.customer-management-private-db-rt",
            "aws_secretsmanager_secret.customer-management-secret",
            "aws_secretsmanager_secret_version.customer_management_db",
            "aws_security_group.customer-management-alb-sg",
            "aws_security_group.customer-management-ecs-sg",
            "aws_security_group.customer-management-rds-sg",
            "aws_subnet.customer-management-private-db",
            "aws_subnet.customer-management-public",
            "aws_vpc.customer_management_vpc",
            "data.aws_db_instance.customer-management-db-endpoint",
            "data.aws_ecr_repository.customer-management-backend-repo",
            "random_password.example"
          ]
        }
      ]
    },
    {
      "mode": "managed",
      "type": "aws_ecs_task_definition",
      "name": "customer-management-task-def-ec2",
      "provider": "provider[\"registry.terraform.io/hashicorp/aws\"]",
      "instances": [
        {
          "schema_version": 1,
          "attributes": {
            "arn": "arn:aws:ecs:us-east-1:218459525783:task-definition/cm-test-td-ec2:11",
            "arn_without_revision": "arn:aws:ecs:us-east-1:218459525783:task-definition/cm-test-td-ec2",
            "container_definitions": "[{\"cpu\":0,\"environment\":[{\"name\":\"DATABASE\",\"value\":\"myapp\"},{\"name\":\"MYHOST\",\"value\":\"customer-management-db.cfj1bf2shmj8.us-east-1.rds.amazonaws.com\"},{\"name\":\"PORTBACKEND\",\"value\":\"5000\"},{\"name\":\"PORTFRONTEND\",\"value\":\"3000\"}],\"essential\":true,\"image\":\"218459525783.dkr.ecr.us-east-1.amazonaws.com/customer-management-backend-repo\",\"logConfiguration\":{\"logDriver\":\"awslogs\",\"options\":{\"awslogs-create-group\":\"true\",\"awslogs-group\":\"/ecs/cm-test-td-ec2\",\"awslogs-region\":\"us-east-1\",\"awslogs-stream-prefix\":\"ecs\"}},\"mountPoints\":[],\"name\":\"backend\",\"portMappings\":[{\"appProtocol\":\"http\",\"containerPort\":5000,\"hostPort\":5000,\"name\":\"backend-5000-tcp\",\"protocol\":\"tcp\"}],\"secrets\":[{\"name\":\"MYUSERNAME\",\"valueFrom\":\"arn:aws:secretsmanager:us-east-1:218459525783:secret:CustomerManagementDatabaseCredential-gLPoLz:username::\"},{\"name\":\"PASSWORD\",\"valueFrom\":\"arn:aws:secretsmanager:us-east-1:218459525783:secret:CustomerManagementDatabaseCredential-gLPoLz:password::\"}],\"volumesFrom\":[]}]",
            "cpu": "2048",
            "ephemeral_storage": [],
            "execution_role_arn": "arn:aws:iam::218459525783:role/customer-management-ecs-task-execution-role",
            "family": "cm-test-td-ec2",
            "id": "cm-test-td-ec2",
            "inference_accelerator": [],
            "ipc_mode": "",
            "memory": "4096",
            "network_mode": "awsvpc",
            "pid_mode": "",
            "placement_constraints": [],
            "proxy_configuration": [],
            "requires_compatibilities": [
              "EC2"
            ],
            "revision": 11,
            "runtime_platform": [],
            "skip_destroy": false,
            "tags": {},
            "tags_all": {},
            "task_role_arn": "arn:aws:iam::218459525783:role/customer-management-task-role",
            "volume": []
          },
          "sensitive_attributes": [],
          "private": "eyJzY2hlbWFfdmVyc2lvbiI6IjEifQ==",
          "dependencies": [
            "aws_cloudwatch_log_group.customer-management-logs",
            "aws_db_instance.customer-management-db",
            "aws_db_subnet_group.db_subnet_group",
            "aws_ecr_repository.customer-management-backend-repo",
            "aws_eip.customer-management-nat-gateway-eip",
            "aws_iam_role.customer-management-ecs-task-execution-role",
            "aws_iam_role.customer-management-task-role",
            "aws_iam_role_policy_attachment.customer-management-task-role-policy",
            "aws_iam_role_policy_attachment.customer-management-task-role-policy2",
            "aws_iam_role_policy_attachment.customer-management-task-role-policy3",
            "aws_iam_role_policy_attachment.customer-management-task-role-policy5",
            "aws_nat_gateway.customer-management-nat-gateway",
            "aws_route_table.customer-management-private-db-rt",
            "aws_secretsmanager_secret.customer-management-secret",
            "aws_secretsmanager_secret_version.customer_management_db",
            "aws_security_group.customer-management-alb-sg",
            "aws_security_group.customer-management-ecs-sg",
            "aws_security_group.customer-management-rds-sg",
            "aws_subnet.customer-management-private-db",
            "aws_subnet.customer-management-public",
            "aws_vpc.customer_management_vpc",
            "data.aws_db_instance.customer-management-db-endpoint",
            "data.aws_ecr_repository.customer-management-backend-repo",
            "random_password.example"
          ]
        }
      ]
    },
    {
      "mode": "managed",
      "type": "aws_eip",
      "name": "customer-management-nat-gateway-eip",
      "provider": "provider[\"registry.terraform.io/hashicorp/aws\"]",
      "instances": [
        {
          "schema_version": 0,
          "attributes": {
            "address": null,
            "allocation_id": "eipalloc-0d7d764ced87f71ab",
            "associate_with_private_ip": null,
            "association_id": "eipassoc-0aaf0040bdda5b529",
            "carrier_ip": "",
            "customer_owned_ip": "",
            "customer_owned_ipv4_pool": "",
            "domain": "vpc",
            "id": "eipalloc-0d7d764ced87f71ab",
            "instance": "",
            "network_border_group": "us-east-1",
            "network_interface": "eni-08b759d5c8c9eabdb",
            "private_dns": "ip-10-0-1-105.ec2.internal",
            "private_ip": "10.0.1.105",
            "public_dns": "ec2-52-73-177-254.compute-1.amazonaws.com",
            "public_ip": "52.73.177.254",
            "public_ipv4_pool": "amazon",
            "tags": {},
            "tags_all": {},
            "timeouts": null,
            "vpc": true
          },
          "sensitive_attributes": [],
          "private": "eyJlMmJmYjczMC1lY2FhLTExZTYtOGY4OC0zNDM2M2JjN2M0YzAiOnsiZGVsZXRlIjoxODAwMDAwMDAwMDAsInJlYWQiOjkwMDAwMDAwMDAwMCwidXBkYXRlIjozMDAwMDAwMDAwMDB9fQ=="
        }
      ]
    },
    {
      "mode": "managed",
      "type": "aws_iam_role",
      "name": "customer-management-ecs-task-execution-role",
      "provider": "provider[\"registry.terraform.io/hashicorp/aws\"]",
      "instances": [
        {
          "schema_version": 0,
          "attributes": {
            "arn": "arn:aws:iam::218459525783:role/customer-management-ecs-task-execution-role",
            "assume_role_policy": "{\"Statement\":[{\"Action\":\"sts:AssumeRole\",\"Effect\":\"Allow\",\"Principal\":{\"Service\":\"ecs-tasks.amazonaws.com\"}}],\"Version\":\"2012-10-17\"}",
            "create_date": "2023-08-04T05:17:21Z",
            "description": "",
            "force_detach_policies": false,
            "id": "customer-management-ecs-task-execution-role",
            "inline_policy": [],
            "managed_policy_arns": [
              "arn:aws:iam::aws:policy/AdministratorAccess",
              "arn:aws:iam::aws:policy/service-role/AmazonECSTaskExecutionRolePolicy"
            ],
            "max_session_duration": 3600,
            "name": "customer-management-ecs-task-execution-role",
            "name_prefix": "",
            "path": "/",
            "permissions_boundary": null,
            "tags": {},
            "tags_all": {},
            "unique_id": "AROATFXJT2KLRU2RQYV2F"
          },
          "sensitive_attributes": [],
          "private": "bnVsbA=="
        }
      ]
    },
    {
      "mode": "managed",
      "type": "aws_iam_role",
      "name": "customer-management-task-role",
      "provider": "provider[\"registry.terraform.io/hashicorp/aws\"]",
      "instances": [
        {
          "schema_version": 0,
          "attributes": {
            "arn": "arn:aws:iam::218459525783:role/customer-management-task-role",
            "assume_role_policy": "{\"Statement\":[{\"Action\":\"sts:AssumeRole\",\"Effect\":\"Allow\",\"Principal\":{\"Service\":\"ecs-tasks.amazonaws.com\"}}],\"Version\":\"2012-10-17\"}",
            "create_date": "2023-08-04T05:17:21Z",
            "description": "",
            "force_detach_policies": false,
            "id": "customer-management-task-role",
            "inline_policy": [],
            "managed_policy_arns": [
              "arn:aws:iam::aws:policy/AmazonECS_FullAccess",
              "arn:aws:iam::aws:policy/AmazonRDSFullAccess",
              "arn:aws:iam::aws:policy/AmazonSSMFullAccess",
              "arn:aws:iam::aws:policy/SecretsManagerReadWrite"
            ],
            "max_session_duration": 3600,
            "name": "customer-management-task-role",
            "name_prefix": "",
            "path": "/",
            "permissions_boundary": null,
            "tags": {},
            "tags_all": {},
            "unique_id": "AROATFXJT2KLV642ISQ2R"
          },
          "sensitive_attributes": [],
          "private": "bnVsbA=="
        }
      ]
    },
    {
      "mode": "managed",
      "type": "aws_iam_role_policy_attachment",
      "name": "customer-management-ecs-task-execution-role-admin-access",
      "provider": "provider[\"registry.terraform.io/hashicorp/aws\"]",
      "instances": [
        {
          "schema_version": 0,
          "attributes": {
            "id": "customer-management-ecs-task-execution-role-20230804051723449400000006",
            "policy_arn": "arn:aws:iam::aws:policy/AdministratorAccess",
            "role": "customer-management-ecs-task-execution-role"
          },
          "sensitive_attributes": [],
          "private": "bnVsbA==",
          "dependencies": [
            "aws_iam_role.customer-management-ecs-task-execution-role"
          ]
        }
      ]
    },
    {
      "mode": "managed",
      "type": "aws_iam_role_policy_attachment",
      "name": "customer-management-ecs-task-execution-role-policy",
      "provider": "provider[\"registry.terraform.io/hashicorp/aws\"]",
      "instances": [
        {
          "schema_version": 0,
          "attributes": {
            "id": "customer-management-ecs-task-execution-role-20230804051723431800000005",
            "policy_arn": "arn:aws:iam::aws:policy/service-role/AmazonECSTaskExecutionRolePolicy",
            "role": "customer-management-ecs-task-execution-role"
          },
          "sensitive_attributes": [],
          "private": "bnVsbA==",
          "dependencies": [
            "aws_iam_role.customer-management-ecs-task-execution-role"
          ]
        }
      ]
    },
    {
      "mode": "managed",
      "type": "aws_iam_role_policy_attachment",
      "name": "customer-management-task-role-policy",
      "provider": "provider[\"registry.terraform.io/hashicorp/aws\"]",
      "instances": [
        {
          "schema_version": 0,
          "attributes": {
            "id": "customer-management-task-role-20230804051722930700000001",
            "policy_arn": "arn:aws:iam::aws:policy/AmazonRDSFullAccess",
            "role": "customer-management-task-role"
          },
          "sensitive_attributes": [],
          "private": "bnVsbA==",
          "dependencies": [
            "aws_iam_role.customer-management-task-role"
          ]
        }
      ]
    },
    {
      "mode": "managed",
      "type": "aws_iam_role_policy_attachment",
      "name": "customer-management-task-role-policy2",
      "provider": "provider[\"registry.terraform.io/hashicorp/aws\"]",
      "instances": [
        {
          "schema_version": 0,
          "attributes": {
            "id": "customer-management-task-role-20230804051723197300000003",
            "policy_arn": "arn:aws:iam::aws:policy/AmazonSSMFullAccess",
            "role": "customer-management-task-role"
          },
          "sensitive_attributes": [],
          "private": "bnVsbA==",
          "dependencies": [
            "aws_iam_role.customer-management-task-role"
          ]
        }
      ]
    },
    {
      "mode": "managed",
      "type": "aws_iam_role_policy_attachment",
      "name": "customer-management-task-role-policy3",
      "provider": "provider[\"registry.terraform.io/hashicorp/aws\"]",
      "instances": [
        {
          "schema_version": 0,
          "attributes": {
            "id": "customer-management-task-role-20230804051722940700000002",
            "policy_arn": "arn:aws:iam::aws:policy/AmazonECS_FullAccess",
            "role": "customer-management-task-role"
          },
          "sensitive_attributes": [],
          "private": "bnVsbA==",
          "dependencies": [
            "aws_iam_role.customer-management-task-role"
          ]
        }
      ]
    },
    {
      "mode": "managed",
      "type": "aws_iam_role_policy_attachment",
      "name": "customer-management-task-role-policy5",
      "provider": "provider[\"registry.terraform.io/hashicorp/aws\"]",
      "instances": [
        {
          "schema_version": 0,
          "attributes": {
            "id": "customer-management-task-role-20230804051723203700000004",
            "policy_arn": "arn:aws:iam::aws:policy/SecretsManagerReadWrite",
            "role": "customer-management-task-role"
          },
          "sensitive_attributes": [],
          "private": "bnVsbA==",
          "dependencies": [
            "aws_iam_role.customer-management-task-role"
          ]
        }
      ]
    },
    {
      "mode": "managed",
      "type": "aws_internet_gateway",
      "name": "customer-management-igw",
      "provider": "provider[\"registry.terraform.io/hashicorp/aws\"]",
      "instances": [
        {
          "schema_version": 0,
          "attributes": {
            "arn": "arn:aws:ec2:us-east-1:218459525783:internet-gateway/igw-0af8d020d71d021e8",
            "id": "igw-0af8d020d71d021e8",
            "owner_id": "218459525783",
            "tags": {
              "Name": "customer-management-igw"
            },
            "tags_all": {
              "Name": "customer-management-igw"
            },
            "timeouts": null,
            "vpc_id": "vpc-0c16e12295e438ba8"
          },
          "sensitive_attributes": [],
          "private": "eyJlMmJmYjczMC1lY2FhLTExZTYtOGY4OC0zNDM2M2JjN2M0YzAiOnsiY3JlYXRlIjoxMjAwMDAwMDAwMDAwLCJkZWxldGUiOjEyMDAwMDAwMDAwMDAsInVwZGF0ZSI6MTIwMDAwMDAwMDAwMH19",
          "dependencies": [
            "aws_vpc.customer_management_vpc"
          ]
        }
      ]
    },
    {
      "mode": "managed",
      "type": "aws_launch_configuration",
      "name": "launch_configuration",
      "provider": "provider[\"registry.terraform.io/hashicorp/aws\"]",
      "instances": [
        {
          "schema_version": 0,
          "attributes": {
            "arn": "arn:aws:autoscaling:us-east-1:218459525783:launchConfiguration:472cb266-346a-4799-bd58-1fd021873c99:launchConfigurationName/customer-management-launch-config20230804051733404500000008",
            "associate_public_ip_address": false,
            "ebs_block_device": [],
            "ebs_optimized": false,
            "enable_monitoring": true,
            "ephemeral_block_device": [],
            "iam_instance_profile": "",
            "id": "customer-management-launch-config20230804051733404500000008",
            "image_id": "ami-05548f9cecf47b442",
            "instance_type": "t3.2xlarge",
            "key_name": "",
            "metadata_options": [],
            "name": "customer-management-launch-config20230804051733404500000008",
            "name_prefix": "customer-management-launch-config",
            "placement_tenancy": "",
            "root_block_device": [],
            "security_groups": [
              "sg-0f571d9e96914e766"
            ],
            "spot_price": "",
            "user_data": "b22ccbdcd65900009ce7e73b05cc4c7f2de76e7a",
            "user_data_base64": null
          },
          "sensitive_attributes": [],
          "private": "bnVsbA==",
          "dependencies": [
            "aws_ecs_cluster.customer_management_cluster",
            "aws_security_group.customer-management-alb-sg",
            "aws_security_group.customer-management-ecs-sg",
            "aws_vpc.customer_management_vpc"
          ]
        }
      ]
    },
    {
      "mode": "managed",
      "type": "aws_lb",
      "name": "customer-management-alb",
      "provider": "provider[\"registry.terraform.io/hashicorp/aws\"]",
      "instances": [
        {
          "schema_version": 0,
          "attributes": {
            "access_logs": [
              {
                "bucket": "",
                "enabled": false,
                "prefix": ""
              }
            ],
            "arn": "arn:aws:elasticloadbalancing:us-east-1:218459525783:loadbalancer/app/customer-management-alb/ea4e6856d16df005",
            "arn_suffix": "app/customer-management-alb/ea4e6856d16df005",
            "customer_owned_ipv4_pool": "",
            "desync_mitigation_mode": "defensive",
            "dns_name": "customer-management-alb-282686786.us-east-1.elb.amazonaws.com",
            "drop_invalid_header_fields": false,
            "enable_cross_zone_load_balancing": true,
            "enable_deletion_protection": false,
            "enable_http2": true,
            "enable_tls_version_and_cipher_suite_headers": false,
            "enable_waf_fail_open": false,
            "enable_xff_client_port": false,
            "id": "arn:aws:elasticloadbalancing:us-east-1:218459525783:loadbalancer/app/customer-management-alb/ea4e6856d16df005",
            "idle_timeout": 60,
            "internal": false,
            "ip_address_type": "ipv4",
            "load_balancer_type": "application",
            "name": "customer-management-alb",
            "name_prefix": null,
            "preserve_host_header": false,
            "security_groups": [
              "sg-0edaeed68c196fcbc"
            ],
            "subnet_mapping": [
              {
                "allocation_id": "",
                "ipv6_address": "",
                "outpost_id": "",
                "private_ipv4_address": "",
                "subnet_id": "subnet-04a1018628ee65642"
              },
              {
                "allocation_id": "",
                "ipv6_address": "",
                "outpost_id": "",
                "private_ipv4_address": "",
                "subnet_id": "subnet-0758803fa0b7f6a47"
              },
              {
                "allocation_id": "",
                "ipv6_address": "",
                "outpost_id": "",
                "private_ipv4_address": "",
                "subnet_id": "subnet-08b31641b86ad614b"
              }
            ],
            "subnets": [
              "subnet-04a1018628ee65642",
              "subnet-0758803fa0b7f6a47",
              "subnet-08b31641b86ad614b"
            ],
            "tags": {
              "Name": "customer-management-alb"
            },
            "tags_all": {
              "Name": "customer-management-alb"
            },
            "timeouts": null,
            "vpc_id": "vpc-0c16e12295e438ba8",
            "xff_header_processing_mode": "append",
            "zone_id": "Z35SXDOTRQ7X7K"
          },
          "sensitive_attributes": [],
          "private": "eyJlMmJmYjczMC1lY2FhLTExZTYtOGY4OC0zNDM2M2JjN2M0YzAiOnsiY3JlYXRlIjo2MDAwMDAwMDAwMDAsImRlbGV0ZSI6NjAwMDAwMDAwMDAwLCJ1cGRhdGUiOjYwMDAwMDAwMDAwMH19",
          "dependencies": [
            "aws_security_group.customer-management-alb-sg",
            "aws_subnet.customer-management-public",
            "aws_vpc.customer_management_vpc"
          ]
        }
      ]
    },
    {
      "mode": "managed",
      "type": "aws_lb_listener",
      "name": "customer-management-alb-listener",
      "provider": "provider[\"registry.terraform.io/hashicorp/aws\"]",
      "instances": [
        {
          "schema_version": 0,
          "attributes": {
            "alpn_policy": null,
            "arn": "arn:aws:elasticloadbalancing:us-east-1:218459525783:listener/app/customer-management-alb/ea4e6856d16df005/d25a4ca31b6b2de4",
            "certificate_arn": null,
            "default_action": [
              {
                "authenticate_cognito": [],
                "authenticate_oidc": [],
                "fixed_response": [],
                "forward": [],
                "order": 1,
                "redirect": [],
                "target_group_arn": "arn:aws:elasticloadbalancing:us-east-1:218459525783:targetgroup/customer-management-target-group/20a425f136a2014f",
                "type": "forward"
              }
            ],
            "id": "arn:aws:elasticloadbalancing:us-east-1:218459525783:listener/app/customer-management-alb/ea4e6856d16df005/d25a4ca31b6b2de4",
            "load_balancer_arn": "arn:aws:elasticloadbalancing:us-east-1:218459525783:loadbalancer/app/customer-management-alb/ea4e6856d16df005",
            "port": 80,
            "protocol": "HTTP",
            "ssl_policy": "",
            "tags": {},
            "tags_all": {},
            "timeouts": null
          },
          "sensitive_attributes": [],
          "private": "eyJlMmJmYjczMC1lY2FhLTExZTYtOGY4OC0zNDM2M2JjN2M0YzAiOnsicmVhZCI6NjAwMDAwMDAwMDAwfX0=",
          "dependencies": [
            "aws_lb.customer-management-alb",
            "aws_lb_target_group.customer-management-target-group",
            "aws_security_group.customer-management-alb-sg",
            "aws_subnet.customer-management-public",
            "aws_vpc.customer_management_vpc"
          ]
        }
      ]
    },
    {
      "mode": "managed",
      "type": "aws_lb_listener_rule",
      "name": "redirect_to_cdp_bi",
      "provider": "provider[\"registry.terraform.io/hashicorp/aws\"]",
      "instances": [
        {
          "schema_version": 0,
          "attributes": {
            "action": [
              {
                "authenticate_cognito": [],
                "authenticate_oidc": [],
                "fixed_response": [],
                "forward": [],
                "order": 1,
                "redirect": [],
                "target_group_arn": "arn:aws:elasticloadbalancing:us-east-1:218459525783:targetgroup/cm-target-group-ec2/28f7eb01b1a653b2",
                "type": "forward"
              }
            ],
            "arn": "arn:aws:elasticloadbalancing:us-east-1:218459525783:listener-rule/app/customer-management-alb/ea4e6856d16df005/d25a4ca31b6b2de4/89041bd7d08bb7ce",
            "condition": [
              {
                "host_header": [],
                "http_header": [],
                "http_request_method": [],
                "path_pattern": [
                  {
                    "values": [
                      "/forward_to/*"
                    ]
                  }
                ],
                "query_string": [],
                "source_ip": []
              }
            ],
            "id": "arn:aws:elasticloadbalancing:us-east-1:218459525783:listener-rule/app/customer-management-alb/ea4e6856d16df005/d25a4ca31b6b2de4/89041bd7d08bb7ce",
            "listener_arn": "arn:aws:elasticloadbalancing:us-east-1:218459525783:listener/app/customer-management-alb/ea4e6856d16df005/d25a4ca31b6b2de4",
            "priority": 100,
            "tags": {},
            "tags_all": {}
          },
          "sensitive_attributes": [],
          "private": "bnVsbA==",
          "dependencies": [
            "aws_lb.customer-management-alb",
            "aws_lb_listener.customer-management-alb-listener",
            "aws_lb_target_group.customer-management-target-group",
            "aws_lb_target_group.customer-management-target-group-ec2",
            "aws_security_group.customer-management-alb-sg",
            "aws_subnet.customer-management-public",
            "aws_vpc.customer_management_vpc"
          ]
        }
      ]
    },
    {
      "mode": "managed",
      "type": "aws_lb_target_group",
      "name": "customer-management-target-group",
      "provider": "provider[\"registry.terraform.io/hashicorp/aws\"]",
      "instances": [
        {
          "schema_version": 0,
          "attributes": {
            "arn": "arn:aws:elasticloadbalancing:us-east-1:218459525783:targetgroup/customer-management-target-group/20a425f136a2014f",
            "arn_suffix": "targetgroup/customer-management-target-group/20a425f136a2014f",
            "connection_termination": false,
            "deregistration_delay": "300",
            "health_check": [
              {
                "enabled": true,
                "healthy_threshold": 3,
                "interval": 30,
                "matcher": "200",
                "path": "/api/healthcheck",
                "port": "5000",
                "protocol": "HTTP",
                "timeout": 10,
                "unhealthy_threshold": 3
              }
            ],
            "id": "arn:aws:elasticloadbalancing:us-east-1:218459525783:targetgroup/customer-management-target-group/20a425f136a2014f",
            "ip_address_type": "ipv4",
            "lambda_multi_value_headers_enabled": false,
            "load_balancing_algorithm_type": "round_robin",
            "load_balancing_cross_zone_enabled": "use_load_balancer_configuration",
            "name": "customer-management-target-group",
            "name_prefix": null,
            "port": 5000,
            "preserve_client_ip": null,
            "protocol": "HTTP",
            "protocol_version": "HTTP1",
            "proxy_protocol_v2": false,
            "slow_start": 0,
            "stickiness": [
              {
                "cookie_duration": 86400,
                "cookie_name": "",
                "enabled": false,
                "type": "lb_cookie"
              }
            ],
            "tags": {},
            "tags_all": {},
            "target_failover": [
              {
                "on_deregistration": null,
                "on_unhealthy": null
              }
            ],
            "target_type": "ip",
            "vpc_id": "vpc-0c16e12295e438ba8"
          },
          "sensitive_attributes": [],
          "private": "bnVsbA==",
          "dependencies": [
            "aws_vpc.customer_management_vpc"
          ]
        }
      ]
    },
    {
      "mode": "managed",
      "type": "aws_lb_target_group",
      "name": "customer-management-target-group-ec2",
      "provider": "provider[\"registry.terraform.io/hashicorp/aws\"]",
      "instances": [
        {
          "schema_version": 0,
          "attributes": {
            "arn": "arn:aws:elasticloadbalancing:us-east-1:218459525783:targetgroup/cm-target-group-ec2/28f7eb01b1a653b2",
            "arn_suffix": "targetgroup/cm-target-group-ec2/28f7eb01b1a653b2",
            "connection_termination": false,
            "deregistration_delay": "300",
            "health_check": [
              {
                "enabled": true,
                "healthy_threshold": 3,
                "interval": 30,
                "matcher": "200",
                "path": "/api/healthcheck",
                "port": "traffic-port",
                "protocol": "HTTP",
                "timeout": 10,
                "unhealthy_threshold": 3
              }
            ],
            "id": "arn:aws:elasticloadbalancing:us-east-1:218459525783:targetgroup/cm-target-group-ec2/28f7eb01b1a653b2",
            "ip_address_type": "ipv4",
            "lambda_multi_value_headers_enabled": false,
            "load_balancing_algorithm_type": "round_robin",
            "load_balancing_cross_zone_enabled": "use_load_balancer_configuration",
            "name": "cm-target-group-ec2",
            "name_prefix": null,
            "port": 5000,
            "preserve_client_ip": null,
            "protocol": "HTTP",
            "protocol_version": "HTTP1",
            "proxy_protocol_v2": false,
            "slow_start": 0,
            "stickiness": [
              {
                "cookie_duration": 86400,
                "cookie_name": "",
                "enabled": false,
                "type": "lb_cookie"
              }
            ],
            "tags": {},
            "tags_all": {},
            "target_failover": [
              {
                "on_deregistration": null,
                "on_unhealthy": null
              }
            ],
            "target_type": "ip",
            "vpc_id": "vpc-0c16e12295e438ba8"
          },
          "sensitive_attributes": [],
          "private": "bnVsbA==",
          "dependencies": [
            "aws_vpc.customer_management_vpc"
          ]
        }
      ]
    },
    {
      "mode": "managed",
      "type": "aws_nat_gateway",
      "name": "customer-management-nat-gateway",
      "provider": "provider[\"registry.terraform.io/hashicorp/aws\"]",
      "instances": [
        {
          "schema_version": 0,
          "attributes": {
            "allocation_id": "eipalloc-0d7d764ced87f71ab",
            "association_id": "eipassoc-0aaf0040bdda5b529",
            "connectivity_type": "public",
            "id": "nat-0d2a17a283391dcd3",
            "network_interface_id": "eni-08b759d5c8c9eabdb",
            "private_ip": "10.0.1.105",
            "public_ip": "52.73.177.254",
            "subnet_id": "subnet-0758803fa0b7f6a47",
            "tags": {
              "Name": "customer-management-nat-gw"
            },
            "tags_all": {
              "Name": "customer-management-nat-gw"
            }
          },
          "sensitive_attributes": [],
          "private": "bnVsbA==",
          "dependencies": [
            "aws_eip.customer-management-nat-gateway-eip",
            "aws_subnet.customer-management-public",
            "aws_vpc.customer_management_vpc"
          ]
        }
      ]
    },
    {
      "mode": "managed",
      "type": "aws_route_table",
      "name": "customer-management-private-db-rt",
      "provider": "provider[\"registry.terraform.io/hashicorp/aws\"]",
      "instances": [
        {
          "schema_version": 0,
          "attributes": {
            "arn": "arn:aws:ec2:us-east-1:218459525783:route-table/rtb-088e9663feacc4c50",
            "id": "rtb-088e9663feacc4c50",
            "owner_id": "218459525783",
            "propagating_vgws": [],
            "route": [
              {
                "carrier_gateway_id": "",
                "cidr_block": "0.0.0.0/0",
                "core_network_arn": "",
                "destination_prefix_list_id": "",
                "egress_only_gateway_id": "",
                "gateway_id": "",
                "ipv6_cidr_block": "",
                "local_gateway_id": "",
                "nat_gateway_id": "nat-0d2a17a283391dcd3",
                "network_interface_id": "",
                "transit_gateway_id": "",
                "vpc_endpoint_id": "",
                "vpc_peering_connection_id": ""
              }
            ],
            "tags": {
              "Name": "customer-management-private-db-rt"
            },
            "tags_all": {
              "Name": "customer-management-private-db-rt"
            },
            "timeouts": null,
            "vpc_id": "vpc-0c16e12295e438ba8"
          },
          "sensitive_attributes": [],
          "private": "eyJlMmJmYjczMC1lY2FhLTExZTYtOGY4OC0zNDM2M2JjN2M0YzAiOnsiY3JlYXRlIjozMDAwMDAwMDAwMDAsImRlbGV0ZSI6MzAwMDAwMDAwMDAwLCJ1cGRhdGUiOjEyMDAwMDAwMDAwMH19",
          "dependencies": [
            "aws_eip.customer-management-nat-gateway-eip",
            "aws_nat_gateway.customer-management-nat-gateway",
            "aws_subnet.customer-management-public",
            "aws_vpc.customer_management_vpc"
          ]
        }
      ]
    },
    {
      "mode": "managed",
      "type": "aws_route_table",
      "name": "customer-management-private-rs-rt",
      "provider": "provider[\"registry.terraform.io/hashicorp/aws\"]",
      "instances": [
        {
          "schema_version": 0,
          "attributes": {
            "arn": "arn:aws:ec2:us-east-1:218459525783:route-table/rtb-0c4cec5f6e3ad334f",
            "id": "rtb-0c4cec5f6e3ad334f",
            "owner_id": "218459525783",
            "propagating_vgws": [],
            "route": [
              {
                "carrier_gateway_id": "",
                "cidr_block": "0.0.0.0/0",
                "core_network_arn": "",
                "destination_prefix_list_id": "",
                "egress_only_gateway_id": "",
                "gateway_id": "",
                "ipv6_cidr_block": "",
                "local_gateway_id": "",
                "nat_gateway_id": "nat-0d2a17a283391dcd3",
                "network_interface_id": "",
                "transit_gateway_id": "",
                "vpc_endpoint_id": "",
                "vpc_peering_connection_id": ""
              }
            ],
            "tags": {
              "Name": "customer-management-private-rs-rt"
            },
            "tags_all": {
              "Name": "customer-management-private-rs-rt"
            },
            "timeouts": null,
            "vpc_id": "vpc-0c16e12295e438ba8"
          },
          "sensitive_attributes": [],
          "private": "eyJlMmJmYjczMC1lY2FhLTExZTYtOGY4OC0zNDM2M2JjN2M0YzAiOnsiY3JlYXRlIjozMDAwMDAwMDAwMDAsImRlbGV0ZSI6MzAwMDAwMDAwMDAwLCJ1cGRhdGUiOjEyMDAwMDAwMDAwMH19",
          "dependencies": [
            "aws_eip.customer-management-nat-gateway-eip",
            "aws_nat_gateway.customer-management-nat-gateway",
            "aws_subnet.customer-management-public",
            "aws_vpc.customer_management_vpc"
          ]
        }
      ]
    },
    {
      "mode": "managed",
      "type": "aws_route_table",
      "name": "customer-management-public-rt",
      "provider": "provider[\"registry.terraform.io/hashicorp/aws\"]",
      "instances": [
        {
          "schema_version": 0,
          "attributes": {
            "arn": "arn:aws:ec2:us-east-1:218459525783:route-table/rtb-0f5ee931a72ef0d96",
            "id": "rtb-0f5ee931a72ef0d96",
            "owner_id": "218459525783",
            "propagating_vgws": [],
            "route": [
              {
                "carrier_gateway_id": "",
                "cidr_block": "0.0.0.0/0",
                "core_network_arn": "",
                "destination_prefix_list_id": "",
                "egress_only_gateway_id": "",
                "gateway_id": "igw-0af8d020d71d021e8",
                "ipv6_cidr_block": "",
                "local_gateway_id": "",
                "nat_gateway_id": "",
                "network_interface_id": "",
                "transit_gateway_id": "",
                "vpc_endpoint_id": "",
                "vpc_peering_connection_id": ""
              }
            ],
            "tags": {
              "Name": "customer-management-public-rt"
            },
            "tags_all": {
              "Name": "customer-management-public-rt"
            },
            "timeouts": null,
            "vpc_id": "vpc-0c16e12295e438ba8"
          },
          "sensitive_attributes": [],
          "private": "eyJlMmJmYjczMC1lY2FhLTExZTYtOGY4OC0zNDM2M2JjN2M0YzAiOnsiY3JlYXRlIjozMDAwMDAwMDAwMDAsImRlbGV0ZSI6MzAwMDAwMDAwMDAwLCJ1cGRhdGUiOjEyMDAwMDAwMDAwMH19",
          "dependencies": [
            "aws_internet_gateway.customer-management-igw",
            "aws_vpc.customer_management_vpc"
          ]
        }
      ]
    },
    {
      "mode": "managed",
      "type": "aws_route_table_association",
      "name": "customer-management-private-db-subnet-association",
      "provider": "provider[\"registry.terraform.io/hashicorp/aws\"]",
      "instances": [
        {
          "index_key": 0,
          "schema_version": 0,
          "attributes": {
            "gateway_id": "",
            "id": "rtbassoc-056a1e4994f738c52",
            "route_table_id": "rtb-088e9663feacc4c50",
            "subnet_id": "subnet-0b541aeb878584a62",
            "timeouts": null
          },
          "sensitive_attributes": [],
          "private": "eyJlMmJmYjczMC1lY2FhLTExZTYtOGY4OC0zNDM2M2JjN2M0YzAiOnsiY3JlYXRlIjozMDAwMDAwMDAwMDAsImRlbGV0ZSI6MzAwMDAwMDAwMDAwLCJ1cGRhdGUiOjEyMDAwMDAwMDAwMH19",
          "dependencies": [
            "aws_eip.customer-management-nat-gateway-eip",
            "aws_nat_gateway.customer-management-nat-gateway",
            "aws_route_table.customer-management-private-db-rt",
            "aws_subnet.customer-management-private-db",
            "aws_subnet.customer-management-public",
            "aws_vpc.customer_management_vpc"
          ]
        },
        {
          "index_key": 1,
          "schema_version": 0,
          "attributes": {
            "gateway_id": "",
            "id": "rtbassoc-0b2ff9d1d944e3bde",
            "route_table_id": "rtb-088e9663feacc4c50",
            "subnet_id": "subnet-0dea5c6fedb3b5e2f",
            "timeouts": null
          },
          "sensitive_attributes": [],
          "private": "eyJlMmJmYjczMC1lY2FhLTExZTYtOGY4OC0zNDM2M2JjN2M0YzAiOnsiY3JlYXRlIjozMDAwMDAwMDAwMDAsImRlbGV0ZSI6MzAwMDAwMDAwMDAwLCJ1cGRhdGUiOjEyMDAwMDAwMDAwMH19",
          "dependencies": [
            "aws_eip.customer-management-nat-gateway-eip",
            "aws_nat_gateway.customer-management-nat-gateway",
            "aws_route_table.customer-management-private-db-rt",
            "aws_subnet.customer-management-private-db",
            "aws_subnet.customer-management-public",
            "aws_vpc.customer_management_vpc"
          ]
        },
        {
          "index_key": 2,
          "schema_version": 0,
          "attributes": {
            "gateway_id": "",
            "id": "rtbassoc-0ff2aaa84174a235b",
            "route_table_id": "rtb-088e9663feacc4c50",
            "subnet_id": "subnet-07c28b63f5c4dc344",
            "timeouts": null
          },
          "sensitive_attributes": [],
          "private": "eyJlMmJmYjczMC1lY2FhLTExZTYtOGY4OC0zNDM2M2JjN2M0YzAiOnsiY3JlYXRlIjozMDAwMDAwMDAwMDAsImRlbGV0ZSI6MzAwMDAwMDAwMDAwLCJ1cGRhdGUiOjEyMDAwMDAwMDAwMH19",
          "dependencies": [
            "aws_eip.customer-management-nat-gateway-eip",
            "aws_nat_gateway.customer-management-nat-gateway",
            "aws_route_table.customer-management-private-db-rt",
            "aws_subnet.customer-management-private-db",
            "aws_subnet.customer-management-public",
            "aws_vpc.customer_management_vpc"
          ]
        }
      ]
    },
    {
      "mode": "managed",
      "type": "aws_route_table_association",
      "name": "customer-management-private-rs-subnet-association",
      "provider": "provider[\"registry.terraform.io/hashicorp/aws\"]",
      "instances": [
        {
          "index_key": 0,
          "schema_version": 0,
          "attributes": {
            "gateway_id": "",
            "id": "rtbassoc-0fa017c0f52f4f745",
            "route_table_id": "rtb-0c4cec5f6e3ad334f",
            "subnet_id": "subnet-020e75e062e45500a",
            "timeouts": null
          },
          "sensitive_attributes": [],
          "private": "eyJlMmJmYjczMC1lY2FhLTExZTYtOGY4OC0zNDM2M2JjN2M0YzAiOnsiY3JlYXRlIjozMDAwMDAwMDAwMDAsImRlbGV0ZSI6MzAwMDAwMDAwMDAwLCJ1cGRhdGUiOjEyMDAwMDAwMDAwMH19",
          "dependencies": [
            "aws_eip.customer-management-nat-gateway-eip",
            "aws_nat_gateway.customer-management-nat-gateway",
            "aws_route_table.customer-management-private-rs-rt",
            "aws_subnet.customer-management-private-rs",
            "aws_subnet.customer-management-public",
            "aws_vpc.customer_management_vpc"
          ]
        },
        {
          "index_key": 1,
          "schema_version": 0,
          "attributes": {
            "gateway_id": "",
            "id": "rtbassoc-0caa0a87fd60609f9",
            "route_table_id": "rtb-0c4cec5f6e3ad334f",
            "subnet_id": "subnet-0dbf857d5bcea8720",
            "timeouts": null
          },
          "sensitive_attributes": [],
          "private": "eyJlMmJmYjczMC1lY2FhLTExZTYtOGY4OC0zNDM2M2JjN2M0YzAiOnsiY3JlYXRlIjozMDAwMDAwMDAwMDAsImRlbGV0ZSI6MzAwMDAwMDAwMDAwLCJ1cGRhdGUiOjEyMDAwMDAwMDAwMH19",
          "dependencies": [
            "aws_eip.customer-management-nat-gateway-eip",
            "aws_nat_gateway.customer-management-nat-gateway",
            "aws_route_table.customer-management-private-rs-rt",
            "aws_subnet.customer-management-private-rs",
            "aws_subnet.customer-management-public",
            "aws_vpc.customer_management_vpc"
          ]
        },
        {
          "index_key": 2,
          "schema_version": 0,
          "attributes": {
            "gateway_id": "",
            "id": "rtbassoc-0720216f7aa3aa944",
            "route_table_id": "rtb-0c4cec5f6e3ad334f",
            "subnet_id": "subnet-010beb12829fc2b74",
            "timeouts": null
          },
          "sensitive_attributes": [],
          "private": "eyJlMmJmYjczMC1lY2FhLTExZTYtOGY4OC0zNDM2M2JjN2M0YzAiOnsiY3JlYXRlIjozMDAwMDAwMDAwMDAsImRlbGV0ZSI6MzAwMDAwMDAwMDAwLCJ1cGRhdGUiOjEyMDAwMDAwMDAwMH19",
          "dependencies": [
            "aws_eip.customer-management-nat-gateway-eip",
            "aws_nat_gateway.customer-management-nat-gateway",
            "aws_route_table.customer-management-private-rs-rt",
            "aws_subnet.customer-management-private-rs",
            "aws_subnet.customer-management-public",
            "aws_vpc.customer_management_vpc"
          ]
        }
      ]
    },
    {
      "mode": "managed",
      "type": "aws_route_table_association",
      "name": "customer-management-public-subnet-association",
      "provider": "provider[\"registry.terraform.io/hashicorp/aws\"]",
      "instances": [
        {
          "index_key": 0,
          "schema_version": 0,
          "attributes": {
            "gateway_id": "",
            "id": "rtbassoc-02cf2968093f46abb",
            "route_table_id": "rtb-0f5ee931a72ef0d96",
            "subnet_id": "subnet-0758803fa0b7f6a47",
            "timeouts": null
          },
          "sensitive_attributes": [],
          "private": "eyJlMmJmYjczMC1lY2FhLTExZTYtOGY4OC0zNDM2M2JjN2M0YzAiOnsiY3JlYXRlIjozMDAwMDAwMDAwMDAsImRlbGV0ZSI6MzAwMDAwMDAwMDAwLCJ1cGRhdGUiOjEyMDAwMDAwMDAwMH19",
          "dependencies": [
            "aws_internet_gateway.customer-management-igw",
            "aws_route_table.customer-management-public-rt",
            "aws_subnet.customer-management-public",
            "aws_vpc.customer_management_vpc"
          ]
        },
        {
          "index_key": 1,
          "schema_version": 0,
          "attributes": {
            "gateway_id": "",
            "id": "rtbassoc-035d85dc2d8d80875",
            "route_table_id": "rtb-0f5ee931a72ef0d96",
            "subnet_id": "subnet-04a1018628ee65642",
            "timeouts": null
          },
          "sensitive_attributes": [],
          "private": "eyJlMmJmYjczMC1lY2FhLTExZTYtOGY4OC0zNDM2M2JjN2M0YzAiOnsiY3JlYXRlIjozMDAwMDAwMDAwMDAsImRlbGV0ZSI6MzAwMDAwMDAwMDAwLCJ1cGRhdGUiOjEyMDAwMDAwMDAwMH19",
          "dependencies": [
            "aws_internet_gateway.customer-management-igw",
            "aws_route_table.customer-management-public-rt",
            "aws_subnet.customer-management-public",
            "aws_vpc.customer_management_vpc"
          ]
        },
        {
          "index_key": 2,
          "schema_version": 0,
          "attributes": {
            "gateway_id": "",
            "id": "rtbassoc-034e7662f83ff1437",
            "route_table_id": "rtb-0f5ee931a72ef0d96",
            "subnet_id": "subnet-08b31641b86ad614b",
            "timeouts": null
          },
          "sensitive_attributes": [],
          "private": "eyJlMmJmYjczMC1lY2FhLTExZTYtOGY4OC0zNDM2M2JjN2M0YzAiOnsiY3JlYXRlIjozMDAwMDAwMDAwMDAsImRlbGV0ZSI6MzAwMDAwMDAwMDAwLCJ1cGRhdGUiOjEyMDAwMDAwMDAwMH19",
          "dependencies": [
            "aws_internet_gateway.customer-management-igw",
            "aws_route_table.customer-management-public-rt",
            "aws_subnet.customer-management-public",
            "aws_vpc.customer_management_vpc"
          ]
        }
      ]
    },
    {
      "mode": "managed",
      "type": "aws_secretsmanager_secret",
      "name": "customer-management-secret",
      "provider": "provider[\"registry.terraform.io/hashicorp/aws\"]",
      "instances": [
        {
          "schema_version": 0,
          "attributes": {
            "arn": "arn:aws:secretsmanager:us-east-1:218459525783:secret:CustomerManagementDatabaseCredential-gLPoLz",
            "description": "",
            "force_overwrite_replica_secret": false,
            "id": "arn:aws:secretsmanager:us-east-1:218459525783:secret:CustomerManagementDatabaseCredential-gLPoLz",
            "kms_key_id": "",
            "name": "CustomerManagementDatabaseCredential",
            "name_prefix": "",
            "policy": "",
            "recovery_window_in_days": 30,
            "replica": [],
            "tags": {},
            "tags_all": {}
          },
          "sensitive_attributes": [],
          "private": "bnVsbA=="
        }
      ]
    },
    {
      "mode": "managed",
      "type": "aws_secretsmanager_secret_version",
      "name": "customer_management_db",
      "provider": "provider[\"registry.terraform.io/hashicorp/aws\"]",
      "instances": [
        {
          "schema_version": 0,
          "attributes": {
            "arn": "arn:aws:secretsmanager:us-east-1:218459525783:secret:CustomerManagementDatabaseCredential-gLPoLz",
            "id": "arn:aws:secretsmanager:us-east-1:218459525783:secret:CustomerManagementDatabaseCredential-gLPoLz|ED1306BA-1B94-4856-8453-B51057D0B38F",
            "secret_binary": "",
            "secret_id": "arn:aws:secretsmanager:us-east-1:218459525783:secret:CustomerManagementDatabaseCredential-gLPoLz",
            "secret_string": "{\"password\":\"UKUcF8RpE9Xp4dD7\",\"username\":\"kavya\"}",
            "version_id": "ED1306BA-1B94-4856-8453-B51057D0B38F",
            "version_stages": [
              "AWSCURRENT"
            ]
          },
          "sensitive_attributes": [
            [
              {
                "type": "get_attr",
                "value": "secret_string"
              }
            ]
          ],
          "private": "bnVsbA==",
          "dependencies": [
            "aws_secretsmanager_secret.customer-management-secret",
            "random_password.example"
          ]
        }
      ]
    },
    {
      "mode": "managed",
      "type": "aws_security_group",
      "name": "customer-management-alb-sg",
      "provider": "provider[\"registry.terraform.io/hashicorp/aws\"]",
      "instances": [
        {
          "schema_version": 1,
          "attributes": {
            "arn": "arn:aws:ec2:us-east-1:218459525783:security-group/sg-0edaeed68c196fcbc",
            "description": "Managed by Terraform",
            "egress": [
              {
                "cidr_blocks": [
                  "0.0.0.0/0"
                ],
                "description": "",
                "from_port": 0,
                "ipv6_cidr_blocks": [],
                "prefix_list_ids": [],
                "protocol": "-1",
                "security_groups": [],
                "self": false,
                "to_port": 0
              }
            ],
            "id": "sg-0edaeed68c196fcbc",
            "ingress": [
              {
                "cidr_blocks": [
                  "0.0.0.0/0"
                ],
                "description": "",
                "from_port": 80,
                "ipv6_cidr_blocks": [],
                "prefix_list_ids": [],
                "protocol": "tcp",
                "security_groups": [],
                "self": false,
                "to_port": 80
              }
            ],
            "name": "customer-management-alb-sg",
            "name_prefix": "",
            "owner_id": "218459525783",
            "revoke_rules_on_delete": false,
            "tags": {
              "Name": "customer-management-alb-sg"
            },
            "tags_all": {
              "Name": "customer-management-alb-sg"
            },
            "timeouts": null,
            "vpc_id": "vpc-0c16e12295e438ba8"
          },
          "sensitive_attributes": [],
          "private": "eyJlMmJmYjczMC1lY2FhLTExZTYtOGY4OC0zNDM2M2JjN2M0YzAiOnsiY3JlYXRlIjo2MDAwMDAwMDAwMDAsImRlbGV0ZSI6OTAwMDAwMDAwMDAwfSwic2NoZW1hX3ZlcnNpb24iOiIxIn0=",
          "dependencies": [
            "aws_vpc.customer_management_vpc"
          ]
        }
      ]
    },
    {
      "mode": "managed",
      "type": "aws_security_group",
      "name": "customer-management-ecs-sg",
      "provider": "provider[\"registry.terraform.io/hashicorp/aws\"]",
      "instances": [
        {
          "schema_version": 1,
          "attributes": {
            "arn": "arn:aws:ec2:us-east-1:218459525783:security-group/sg-0f571d9e96914e766",
            "description": "Managed by Terraform",
            "egress": [
              {
                "cidr_blocks": [
                  "0.0.0.0/0"
                ],
                "description": "",
                "from_port": 0,
                "ipv6_cidr_blocks": [],
                "prefix_list_ids": [],
                "protocol": "-1",
                "security_groups": [],
                "self": false,
                "to_port": 0
              }
            ],
            "id": "sg-0f571d9e96914e766",
            "ingress": [
              {
                "cidr_blocks": [
                  "0.0.0.0/0"
                ],
                "description": "",
                "from_port": 0,
                "ipv6_cidr_blocks": [],
                "prefix_list_ids": [],
                "protocol": "-1",
                "security_groups": [],
                "self": false,
                "to_port": 0
              }
            ],
            "name": "customer-management-ecs-sg",
            "name_prefix": "",
            "owner_id": "218459525783",
            "revoke_rules_on_delete": false,
            "tags": {
              "Name": "customer-management-ecs-sg"
            },
            "tags_all": {
              "Name": "customer-management-ecs-sg"
            },
            "timeouts": null,
            "vpc_id": "vpc-0c16e12295e438ba8"
          },
          "sensitive_attributes": [],
          "private": "eyJlMmJmYjczMC1lY2FhLTExZTYtOGY4OC0zNDM2M2JjN2M0YzAiOnsiY3JlYXRlIjo2MDAwMDAwMDAwMDAsImRlbGV0ZSI6OTAwMDAwMDAwMDAwfSwic2NoZW1hX3ZlcnNpb24iOiIxIn0=",
          "dependencies": [
            "aws_security_group.customer-management-alb-sg",
            "aws_vpc.customer_management_vpc"
          ]
        }
      ]
    },
    {
      "mode": "managed",
      "type": "aws_security_group",
      "name": "customer-management-rds-sg",
      "provider": "provider[\"registry.terraform.io/hashicorp/aws\"]",
      "instances": [
        {
          "schema_version": 1,
          "attributes": {
            "arn": "arn:aws:ec2:us-east-1:218459525783:security-group/sg-09f0aab9b64feed78",
            "description": "Managed by Terraform",
            "egress": [
              {
                "cidr_blocks": [
                  "0.0.0.0/0"
                ],
                "description": "",
                "from_port": 0,
                "ipv6_cidr_blocks": [],
                "prefix_list_ids": [],
                "protocol": "-1",
                "security_groups": [],
                "self": false,
                "to_port": 0
              }
            ],
            "id": "sg-09f0aab9b64feed78",
            "ingress": [
              {
                "cidr_blocks": [
                  "0.0.0.0/0"
                ],
                "description": "",
                "from_port": 0,
                "ipv6_cidr_blocks": [],
                "prefix_list_ids": [],
                "protocol": "-1",
                "security_groups": [],
                "self": false,
                "to_port": 0
              }
            ],
            "name": "customer-management-rds-sg",
            "name_prefix": "",
            "owner_id": "218459525783",
            "revoke_rules_on_delete": false,
            "tags": {
              "Name": "customer-management-rds-sg"
            },
            "tags_all": {
              "Name": "customer-management-rds-sg"
            },
            "timeouts": null,
            "vpc_id": "vpc-0c16e12295e438ba8"
          },
          "sensitive_attributes": [],
          "private": "eyJlMmJmYjczMC1lY2FhLTExZTYtOGY4OC0zNDM2M2JjN2M0YzAiOnsiY3JlYXRlIjo2MDAwMDAwMDAwMDAsImRlbGV0ZSI6OTAwMDAwMDAwMDAwfSwic2NoZW1hX3ZlcnNpb24iOiIxIn0=",
          "dependencies": [
            "aws_security_group.customer-management-alb-sg",
            "aws_security_group.customer-management-ecs-sg",
            "aws_vpc.customer_management_vpc"
          ]
        }
      ]
    },
    {
      "mode": "managed",
      "type": "aws_subnet",
      "name": "customer-management-private-db",
      "provider": "provider[\"registry.terraform.io/hashicorp/aws\"]",
      "instances": [
        {
          "index_key": 0,
          "schema_version": 1,
          "attributes": {
            "arn": "arn:aws:ec2:us-east-1:218459525783:subnet/subnet-0b541aeb878584a62",
            "assign_ipv6_address_on_creation": false,
            "availability_zone": "us-east-1a",
            "availability_zone_id": "use1-az2",
            "cidr_block": "10.0.4.0/24",
            "customer_owned_ipv4_pool": "",
            "enable_dns64": false,
            "enable_lni_at_device_index": 0,
            "enable_resource_name_dns_a_record_on_launch": false,
            "enable_resource_name_dns_aaaa_record_on_launch": false,
            "id": "subnet-0b541aeb878584a62",
            "ipv6_cidr_block": "",
            "ipv6_cidr_block_association_id": "",
            "ipv6_native": false,
            "map_customer_owned_ip_on_launch": false,
            "map_public_ip_on_launch": false,
            "outpost_arn": "",
            "owner_id": "218459525783",
            "private_dns_hostname_type_on_launch": "ip-name",
            "tags": {
              "Name": "customer-management-private-db-1a"
            },
            "tags_all": {
              "Name": "customer-management-private-db-1a"
            },
            "timeouts": null,
            "vpc_id": "vpc-0c16e12295e438ba8"
          },
          "sensitive_attributes": [],
          "private": "eyJlMmJmYjczMC1lY2FhLTExZTYtOGY4OC0zNDM2M2JjN2M0YzAiOnsiY3JlYXRlIjo2MDAwMDAwMDAwMDAsImRlbGV0ZSI6MTIwMDAwMDAwMDAwMH0sInNjaGVtYV92ZXJzaW9uIjoiMSJ9",
          "dependencies": [
            "aws_vpc.customer_management_vpc"
          ]
        },
        {
          "index_key": 1,
          "schema_version": 1,
          "attributes": {
            "arn": "arn:aws:ec2:us-east-1:218459525783:subnet/subnet-0dea5c6fedb3b5e2f",
            "assign_ipv6_address_on_creation": false,
            "availability_zone": "us-east-1b",
            "availability_zone_id": "use1-az4",
            "cidr_block": "10.0.5.0/24",
            "customer_owned_ipv4_pool": "",
            "enable_dns64": false,
            "enable_lni_at_device_index": 0,
            "enable_resource_name_dns_a_record_on_launch": false,
            "enable_resource_name_dns_aaaa_record_on_launch": false,
            "id": "subnet-0dea5c6fedb3b5e2f",
            "ipv6_cidr_block": "",
            "ipv6_cidr_block_association_id": "",
            "ipv6_native": false,
            "map_customer_owned_ip_on_launch": false,
            "map_public_ip_on_launch": false,
            "outpost_arn": "",
            "owner_id": "218459525783",
            "private_dns_hostname_type_on_launch": "ip-name",
            "tags": {
              "Name": "customer-management-private-db-2b"
            },
            "tags_all": {
              "Name": "customer-management-private-db-2b"
            },
            "timeouts": null,
            "vpc_id": "vpc-0c16e12295e438ba8"
          },
          "sensitive_attributes": [],
          "private": "eyJlMmJmYjczMC1lY2FhLTExZTYtOGY4OC0zNDM2M2JjN2M0YzAiOnsiY3JlYXRlIjo2MDAwMDAwMDAwMDAsImRlbGV0ZSI6MTIwMDAwMDAwMDAwMH0sInNjaGVtYV92ZXJzaW9uIjoiMSJ9",
          "dependencies": [
            "aws_vpc.customer_management_vpc"
          ]
        },
        {
          "index_key": 2,
          "schema_version": 1,
          "attributes": {
            "arn": "arn:aws:ec2:us-east-1:218459525783:subnet/subnet-07c28b63f5c4dc344",
            "assign_ipv6_address_on_creation": false,
            "availability_zone": "us-east-1c",
            "availability_zone_id": "use1-az6",
            "cidr_block": "10.0.6.0/24",
            "customer_owned_ipv4_pool": "",
            "enable_dns64": false,
            "enable_lni_at_device_index": 0,
            "enable_resource_name_dns_a_record_on_launch": false,
            "enable_resource_name_dns_aaaa_record_on_launch": false,
            "id": "subnet-07c28b63f5c4dc344",
            "ipv6_cidr_block": "",
            "ipv6_cidr_block_association_id": "",
            "ipv6_native": false,
            "map_customer_owned_ip_on_launch": false,
            "map_public_ip_on_launch": false,
            "outpost_arn": "",
            "owner_id": "218459525783",
            "private_dns_hostname_type_on_launch": "ip-name",
            "tags": {
              "Name": "customer-management-private-db-3a"
            },
            "tags_all": {
              "Name": "customer-management-private-db-3a"
            },
            "timeouts": null,
            "vpc_id": "vpc-0c16e12295e438ba8"
          },
          "sensitive_attributes": [],
          "private": "eyJlMmJmYjczMC1lY2FhLTExZTYtOGY4OC0zNDM2M2JjN2M0YzAiOnsiY3JlYXRlIjo2MDAwMDAwMDAwMDAsImRlbGV0ZSI6MTIwMDAwMDAwMDAwMH0sInNjaGVtYV92ZXJzaW9uIjoiMSJ9",
          "dependencies": [
            "aws_vpc.customer_management_vpc"
          ]
        }
      ]
    },
    {
      "mode": "managed",
      "type": "aws_subnet",
      "name": "customer-management-private-rs",
      "provider": "provider[\"registry.terraform.io/hashicorp/aws\"]",
      "instances": [
        {
          "index_key": 0,
          "schema_version": 1,
          "attributes": {
            "arn": "arn:aws:ec2:us-east-1:218459525783:subnet/subnet-020e75e062e45500a",
            "assign_ipv6_address_on_creation": false,
            "availability_zone": "us-east-1a",
            "availability_zone_id": "use1-az2",
            "cidr_block": "10.0.16.0/20",
            "customer_owned_ipv4_pool": "",
            "enable_dns64": false,
            "enable_lni_at_device_index": 0,
            "enable_resource_name_dns_a_record_on_launch": false,
            "enable_resource_name_dns_aaaa_record_on_launch": false,
            "id": "subnet-020e75e062e45500a",
            "ipv6_cidr_block": "",
            "ipv6_cidr_block_association_id": "",
            "ipv6_native": false,
            "map_customer_owned_ip_on_launch": false,
            "map_public_ip_on_launch": false,
            "outpost_arn": "",
            "owner_id": "218459525783",
            "private_dns_hostname_type_on_launch": "ip-name",
            "tags": {
              "Name": "customer-management-private-rs-1a"
            },
            "tags_all": {
              "Name": "customer-management-private-rs-1a"
            },
            "timeouts": null,
            "vpc_id": "vpc-0c16e12295e438ba8"
          },
          "sensitive_attributes": [],
          "private": "eyJlMmJmYjczMC1lY2FhLTExZTYtOGY4OC0zNDM2M2JjN2M0YzAiOnsiY3JlYXRlIjo2MDAwMDAwMDAwMDAsImRlbGV0ZSI6MTIwMDAwMDAwMDAwMH0sInNjaGVtYV92ZXJzaW9uIjoiMSJ9",
          "dependencies": [
            "aws_vpc.customer_management_vpc"
          ]
        },
        {
          "index_key": 1,
          "schema_version": 1,
          "attributes": {
            "arn": "arn:aws:ec2:us-east-1:218459525783:subnet/subnet-0dbf857d5bcea8720",
            "assign_ipv6_address_on_creation": false,
            "availability_zone": "us-east-1b",
            "availability_zone_id": "use1-az4",
            "cidr_block": "10.0.32.0/20",
            "customer_owned_ipv4_pool": "",
            "enable_dns64": false,
            "enable_lni_at_device_index": 0,
            "enable_resource_name_dns_a_record_on_launch": false,
            "enable_resource_name_dns_aaaa_record_on_launch": false,
            "id": "subnet-0dbf857d5bcea8720",
            "ipv6_cidr_block": "",
            "ipv6_cidr_block_association_id": "",
            "ipv6_native": false,
            "map_customer_owned_ip_on_launch": false,
            "map_public_ip_on_launch": false,
            "outpost_arn": "",
            "owner_id": "218459525783",
            "private_dns_hostname_type_on_launch": "ip-name",
            "tags": {
              "Name": "customer-management-private-rs-2b"
            },
            "tags_all": {
              "Name": "customer-management-private-rs-2b"
            },
            "timeouts": null,
            "vpc_id": "vpc-0c16e12295e438ba8"
          },
          "sensitive_attributes": [],
          "private": "eyJlMmJmYjczMC1lY2FhLTExZTYtOGY4OC0zNDM2M2JjN2M0YzAiOnsiY3JlYXRlIjo2MDAwMDAwMDAwMDAsImRlbGV0ZSI6MTIwMDAwMDAwMDAwMH0sInNjaGVtYV92ZXJzaW9uIjoiMSJ9",
          "dependencies": [
            "aws_vpc.customer_management_vpc"
          ]
        },
        {
          "index_key": 2,
          "schema_version": 1,
          "attributes": {
            "arn": "arn:aws:ec2:us-east-1:218459525783:subnet/subnet-010beb12829fc2b74",
            "assign_ipv6_address_on_creation": false,
            "availability_zone": "us-east-1c",
            "availability_zone_id": "use1-az6",
            "cidr_block": "10.0.48.0/20",
            "customer_owned_ipv4_pool": "",
            "enable_dns64": false,
            "enable_lni_at_device_index": 0,
            "enable_resource_name_dns_a_record_on_launch": false,
            "enable_resource_name_dns_aaaa_record_on_launch": false,
            "id": "subnet-010beb12829fc2b74",
            "ipv6_cidr_block": "",
            "ipv6_cidr_block_association_id": "",
            "ipv6_native": false,
            "map_customer_owned_ip_on_launch": false,
            "map_public_ip_on_launch": false,
            "outpost_arn": "",
            "owner_id": "218459525783",
            "private_dns_hostname_type_on_launch": "ip-name",
            "tags": {
              "Name": "customer-management-private-rs-3c"
            },
            "tags_all": {
              "Name": "customer-management-private-rs-3c"
            },
            "timeouts": null,
            "vpc_id": "vpc-0c16e12295e438ba8"
          },
          "sensitive_attributes": [],
          "private": "eyJlMmJmYjczMC1lY2FhLTExZTYtOGY4OC0zNDM2M2JjN2M0YzAiOnsiY3JlYXRlIjo2MDAwMDAwMDAwMDAsImRlbGV0ZSI6MTIwMDAwMDAwMDAwMH0sInNjaGVtYV92ZXJzaW9uIjoiMSJ9",
          "dependencies": [
            "aws_vpc.customer_management_vpc"
          ]
        }
      ]
    },
    {
      "mode": "managed",
      "type": "aws_subnet",
      "name": "customer-management-public",
      "provider": "provider[\"registry.terraform.io/hashicorp/aws\"]",
      "instances": [
        {
          "index_key": 0,
          "schema_version": 1,
          "attributes": {
            "arn": "arn:aws:ec2:us-east-1:218459525783:subnet/subnet-0758803fa0b7f6a47",
            "assign_ipv6_address_on_creation": false,
            "availability_zone": "us-east-1a",
            "availability_zone_id": "use1-az2",
            "cidr_block": "10.0.1.0/24",
            "customer_owned_ipv4_pool": "",
            "enable_dns64": false,
            "enable_lni_at_device_index": 0,
            "enable_resource_name_dns_a_record_on_launch": false,
            "enable_resource_name_dns_aaaa_record_on_launch": false,
            "id": "subnet-0758803fa0b7f6a47",
            "ipv6_cidr_block": "",
            "ipv6_cidr_block_association_id": "",
            "ipv6_native": false,
            "map_customer_owned_ip_on_launch": false,
            "map_public_ip_on_launch": false,
            "outpost_arn": "",
            "owner_id": "218459525783",
            "private_dns_hostname_type_on_launch": "ip-name",
            "tags": {
              "Name": "customer-management-public-1a"
            },
            "tags_all": {
              "Name": "customer-management-public-1a"
            },
            "timeouts": null,
            "vpc_id": "vpc-0c16e12295e438ba8"
          },
          "sensitive_attributes": [],
          "private": "eyJlMmJmYjczMC1lY2FhLTExZTYtOGY4OC0zNDM2M2JjN2M0YzAiOnsiY3JlYXRlIjo2MDAwMDAwMDAwMDAsImRlbGV0ZSI6MTIwMDAwMDAwMDAwMH0sInNjaGVtYV92ZXJzaW9uIjoiMSJ9",
          "dependencies": [
            "aws_vpc.customer_management_vpc"
          ]
        },
        {
          "index_key": 1,
          "schema_version": 1,
          "attributes": {
            "arn": "arn:aws:ec2:us-east-1:218459525783:subnet/subnet-04a1018628ee65642",
            "assign_ipv6_address_on_creation": false,
            "availability_zone": "us-east-1b",
            "availability_zone_id": "use1-az4",
            "cidr_block": "10.0.2.0/24",
            "customer_owned_ipv4_pool": "",
            "enable_dns64": false,
            "enable_lni_at_device_index": 0,
            "enable_resource_name_dns_a_record_on_launch": false,
            "enable_resource_name_dns_aaaa_record_on_launch": false,
            "id": "subnet-04a1018628ee65642",
            "ipv6_cidr_block": "",
            "ipv6_cidr_block_association_id": "",
            "ipv6_native": false,
            "map_customer_owned_ip_on_launch": false,
            "map_public_ip_on_launch": false,
            "outpost_arn": "",
            "owner_id": "218459525783",
            "private_dns_hostname_type_on_launch": "ip-name",
            "tags": {
              "Name": "customer-management-public-2b"
            },
            "tags_all": {
              "Name": "customer-management-public-2b"
            },
            "timeouts": null,
            "vpc_id": "vpc-0c16e12295e438ba8"
          },
          "sensitive_attributes": [],
          "private": "eyJlMmJmYjczMC1lY2FhLTExZTYtOGY4OC0zNDM2M2JjN2M0YzAiOnsiY3JlYXRlIjo2MDAwMDAwMDAwMDAsImRlbGV0ZSI6MTIwMDAwMDAwMDAwMH0sInNjaGVtYV92ZXJzaW9uIjoiMSJ9",
          "dependencies": [
            "aws_vpc.customer_management_vpc"
          ]
        },
        {
          "index_key": 2,
          "schema_version": 1,
          "attributes": {
            "arn": "arn:aws:ec2:us-east-1:218459525783:subnet/subnet-08b31641b86ad614b",
            "assign_ipv6_address_on_creation": false,
            "availability_zone": "us-east-1c",
            "availability_zone_id": "use1-az6",
            "cidr_block": "10.0.3.0/24",
            "customer_owned_ipv4_pool": "",
            "enable_dns64": false,
            "enable_lni_at_device_index": 0,
            "enable_resource_name_dns_a_record_on_launch": false,
            "enable_resource_name_dns_aaaa_record_on_launch": false,
            "id": "subnet-08b31641b86ad614b",
            "ipv6_cidr_block": "",
            "ipv6_cidr_block_association_id": "",
            "ipv6_native": false,
            "map_customer_owned_ip_on_launch": false,
            "map_public_ip_on_launch": false,
            "outpost_arn": "",
            "owner_id": "218459525783",
            "private_dns_hostname_type_on_launch": "ip-name",
            "tags": {
              "Name": "customer-management-public-3a"
            },
            "tags_all": {
              "Name": "customer-management-public-3a"
            },
            "timeouts": null,
            "vpc_id": "vpc-0c16e12295e438ba8"
          },
          "sensitive_attributes": [],
          "private": "eyJlMmJmYjczMC1lY2FhLTExZTYtOGY4OC0zNDM2M2JjN2M0YzAiOnsiY3JlYXRlIjo2MDAwMDAwMDAwMDAsImRlbGV0ZSI6MTIwMDAwMDAwMDAwMH0sInNjaGVtYV92ZXJzaW9uIjoiMSJ9",
          "dependencies": [
            "aws_vpc.customer_management_vpc"
          ]
        }
      ]
    },
    {
      "mode": "managed",
      "type": "aws_vpc",
      "name": "customer_management_vpc",
      "provider": "provider[\"registry.terraform.io/hashicorp/aws\"]",
      "instances": [
        {
          "schema_version": 1,
          "attributes": {
            "arn": "arn:aws:ec2:us-east-1:218459525783:vpc/vpc-0c16e12295e438ba8",
            "assign_generated_ipv6_cidr_block": false,
            "cidr_block": "10.0.0.0/16",
            "default_network_acl_id": "acl-066df254ac427fa2e",
            "default_route_table_id": "rtb-01da2ff8fea90f86f",
            "default_security_group_id": "sg-0b8f30caf5e668fae",
            "dhcp_options_id": "dopt-064fa7b8df4fbf5e5",
            "enable_dns_hostnames": false,
            "enable_dns_support": true,
            "enable_network_address_usage_metrics": false,
            "id": "vpc-0c16e12295e438ba8",
            "instance_tenancy": "default",
            "ipv4_ipam_pool_id": null,
            "ipv4_netmask_length": null,
            "ipv6_association_id": "",
            "ipv6_cidr_block": "",
            "ipv6_cidr_block_network_border_group": "",
            "ipv6_ipam_pool_id": "",
            "ipv6_netmask_length": 0,
            "main_route_table_id": "rtb-01da2ff8fea90f86f",
            "owner_id": "218459525783",
            "tags": {
              "Name": "customer_management_vpc"
            },
            "tags_all": {
              "Name": "customer_management_vpc"
            }
          },
          "sensitive_attributes": [],
          "private": "eyJzY2hlbWFfdmVyc2lvbiI6IjEifQ=="
        }
      ]
    },
    {
      "mode": "managed",
      "type": "random_password",
      "name": "example",
      "provider": "provider[\"registry.terraform.io/hashicorp/random\"]",
      "instances": [
        {
          "schema_version": 3,
          "attributes": {
            "bcrypt_hash": "$2a$10$okBJaTlsf1rxwEhV.WwhgOinCv/DO/VtPtT2LxsP9JLgmf8wbd2cO",
            "id": "none",
            "keepers": null,
            "length": 16,
            "lower": true,
            "min_lower": 0,
            "min_numeric": 0,
            "min_special": 0,
            "min_upper": 0,
            "number": true,
            "numeric": true,
            "override_special": "_%]",
            "result": "UKUcF8RpE9Xp4dD7",
            "special": true,
            "upper": true
          },
          "sensitive_attributes": []
        }
      ]
    }
  ],
  "check_results": null
}
